// !$*UTF8*$!
{
	archiveVersion = 1;
	classes = {
	};
	objectVersion = 56;
	objects = {

/* Begin PBXBuildFile section */
		350F21582B2839F100299CFC /* AppDelegate.m in Sources */ = {isa = PBXBuildFile; fileRef = 350F21572B2839F100299CFC /* AppDelegate.m */; };
		350F215B2B2839F100299CFC /* SceneDelegate.m in Sources */ = {isa = PBXBuildFile; fileRef = 350F215A2B2839F100299CFC /* SceneDelegate.m */; };
		350F21612B2839F100299CFC /* Main.storyboard in Resources */ = {isa = PBXBuildFile; fileRef = 350F215F2B2839F100299CFC /* Main.storyboard */; };
		350F21632B2839F300299CFC /* Assets.xcassets in Resources */ = {isa = PBXBuildFile; fileRef = 350F21622B2839F300299CFC /* Assets.xcassets */; };
		350F21662B2839F300299CFC /* LaunchScreen.storyboard in Resources */ = {isa = PBXBuildFile; fileRef = 350F21642B2839F300299CFC /* LaunchScreen.storyboard */; };
		350F21692B2839F300299CFC /* main.m in Sources */ = {isa = PBXBuildFile; fileRef = 350F21682B2839F300299CFC /* main.m */; };
		350F21732B2839F300299CFC /* TopBuzz_demoTests.m in Sources */ = {isa = PBXBuildFile; fileRef = 350F21722B2839F300299CFC /* TopBuzz_demoTests.m */; };
		350F217D2B2839F300299CFC /* TopBuzz_demoUITests.m in Sources */ = {isa = PBXBuildFile; fileRef = 350F217C2B2839F300299CFC /* TopBuzz_demoUITests.m */; };
		350F217F2B2839F300299CFC /* TopBuzz_demoUITestsLaunchTests.m in Sources */ = {isa = PBXBuildFile; fileRef = 350F217E2B2839F300299CFC /* TopBuzz_demoUITestsLaunchTests.m */; };
		353938282B283CD7003CB121 /* HomeViewController.m in Sources */ = {isa = PBXBuildFile; fileRef = 353938272B283CD7003CB121 /* HomeViewController.m */; };
		3539382B2B283FA1003CB121 /* DJTabBarController.m in Sources */ = {isa = PBXBuildFile; fileRef = 3539382A2B283FA1003CB121 /* DJTabBarController.m */; };
		3539382F2B2840CD003CB121 /* DJTabBarButton.m in Sources */ = {isa = PBXBuildFile; fileRef = 3539382E2B2840CD003CB121 /* DJTabBarButton.m */; };
		353938322B2841A1003CB121 /* DJTabBar.m in Sources */ = {isa = PBXBuildFile; fileRef = 353938312B2841A1003CB121 /* DJTabBar.m */; };
		3539383C2B28426F003CB121 /* DJDevice.m in Sources */ = {isa = PBXBuildFile; fileRef = 3539383B2B28426F003CB121 /* DJDevice.m */; };
		3574D2882B284A000052BC57 /* DJHomeView.m in Sources */ = {isa = PBXBuildFile; fileRef = 3574D2872B284A000052BC57 /* DJHomeView.m */; };
		3574D28B2B284A170052BC57 /* DJHomeNavigationBar.m in Sources */ = {isa = PBXBuildFile; fileRef = 3574D28A2B284A170052BC57 /* DJHomeNavigationBar.m */; };
		3574D2962B284FA70052BC57 /* DJColor.m in Sources */ = {isa = PBXBuildFile; fileRef = 3574D2952B284FA70052BC57 /* DJColor.m */; };
		3574D29C2B2850A40052BC57 /* DJCollectionView.m in Sources */ = {isa = PBXBuildFile; fileRef = 3574D29B2B2850A40052BC57 /* DJCollectionView.m */; };
/* End PBXBuildFile section */

/* Begin PBXContainerItemProxy section */
		350F216F2B2839F300299CFC /* PBXContainerItemProxy */ = {
			isa = PBXContainerItemProxy;
			containerPortal = 350F214B2B2839F000299CFC /* Project object */;
			proxyType = 1;
			remoteGlobalIDString = 350F21522B2839F100299CFC;
			remoteInfo = TopBuzz_demo;
		};
		350F21792B2839F300299CFC /* PBXContainerItemProxy */ = {
			isa = PBXContainerItemProxy;
			containerPortal = 350F214B2B2839F000299CFC /* Project object */;
			proxyType = 1;
			remoteGlobalIDString = 350F21522B2839F100299CFC;
			remoteInfo = TopBuzz_demo;
		};
/* End PBXContainerItemProxy section */

/* Begin PBXFileReference section */
		350F21532B2839F100299CFC /* TopBuzz_demo.app */ = {isa = PBXFileReference; explicitFileType = wrapper.application; includeInIndex = 0; path = TopBuzz_demo.app; sourceTree = BUILT_PRODUCTS_DIR; };
		350F21562B2839F100299CFC /* AppDelegate.h */ = {isa = PBXFileReference; lastKnownFileType = sourcecode.c.h; path = AppDelegate.h; sourceTree = "<group>"; };
		350F21572B2839F100299CFC /* AppDelegate.m */ = {isa = PBXFileReference; lastKnownFileType = sourcecode.c.objc; path = AppDelegate.m; sourceTree = "<group>"; };
		350F21592B2839F100299CFC /* SceneDelegate.h */ = {isa = PBXFileReference; lastKnownFileType = sourcecode.c.h; path = SceneDelegate.h; sourceTree = "<group>"; };
		350F215A2B2839F100299CFC /* SceneDelegate.m */ = {isa = PBXFileReference; lastKnownFileType = sourcecode.c.objc; path = SceneDelegate.m; sourceTree = "<group>"; };
		350F21602B2839F100299CFC /* Base */ = {isa = PBXFileReference; lastKnownFileType = file.storyboard; name = Base; path = Base.lproj/Main.storyboard; sourceTree = "<group>"; };
		350F21622B2839F300299CFC /* Assets.xcassets */ = {isa = PBXFileReference; lastKnownFileType = folder.assetcatalog; path = Assets.xcassets; sourceTree = "<group>"; };
		350F21652B2839F300299CFC /* Base */ = {isa = PBXFileReference; lastKnownFileType = file.storyboard; name = Base; path = Base.lproj/LaunchScreen.storyboard; sourceTree = "<group>"; };
		350F21672B2839F300299CFC /* Info.plist */ = {isa = PBXFileReference; lastKnownFileType = text.plist.xml; path = Info.plist; sourceTree = "<group>"; };
		350F21682B2839F300299CFC /* main.m */ = {isa = PBXFileReference; lastKnownFileType = sourcecode.c.objc; path = main.m; sourceTree = "<group>"; };
		350F216E2B2839F300299CFC /* TopBuzz_demoTests.xctest */ = {isa = PBXFileReference; explicitFileType = wrapper.cfbundle; includeInIndex = 0; path = TopBuzz_demoTests.xctest; sourceTree = BUILT_PRODUCTS_DIR; };
		350F21722B2839F300299CFC /* TopBuzz_demoTests.m */ = {isa = PBXFileReference; lastKnownFileType = sourcecode.c.objc; path = TopBuzz_demoTests.m; sourceTree = "<group>"; };
		350F21782B2839F300299CFC /* TopBuzz_demoUITests.xctest */ = {isa = PBXFileReference; explicitFileType = wrapper.cfbundle; includeInIndex = 0; path = TopBuzz_demoUITests.xctest; sourceTree = BUILT_PRODUCTS_DIR; };
		350F217C2B2839F300299CFC /* TopBuzz_demoUITests.m */ = {isa = PBXFileReference; lastKnownFileType = sourcecode.c.objc; path = TopBuzz_demoUITests.m; sourceTree = "<group>"; };
		350F217E2B2839F300299CFC /* TopBuzz_demoUITestsLaunchTests.m */ = {isa = PBXFileReference; lastKnownFileType = sourcecode.c.objc; path = TopBuzz_demoUITestsLaunchTests.m; sourceTree = "<group>"; };
		353938262B283CD7003CB121 /* HomeViewController.h */ = {isa = PBXFileReference; lastKnownFileType = sourcecode.c.h; path = HomeViewController.h; sourceTree = "<group>"; };
		353938272B283CD7003CB121 /* HomeViewController.m */ = {isa = PBXFileReference; lastKnownFileType = sourcecode.c.objc; path = HomeViewController.m; sourceTree = "<group>"; };
		353938292B283FA1003CB121 /* DJTabBarController.h */ = {isa = PBXFileReference; lastKnownFileType = sourcecode.c.h; path = DJTabBarController.h; sourceTree = "<group>"; };
		3539382A2B283FA1003CB121 /* DJTabBarController.m */ = {isa = PBXFileReference; lastKnownFileType = sourcecode.c.objc; path = DJTabBarController.m; sourceTree = "<group>"; };
		3539382D2B2840CD003CB121 /* DJTabBarButton.h */ = {isa = PBXFileReference; lastKnownFileType = sourcecode.c.h; path = DJTabBarButton.h; sourceTree = "<group>"; };
		3539382E2B2840CD003CB121 /* DJTabBarButton.m */ = {isa = PBXFileReference; lastKnownFileType = sourcecode.c.objc; path = DJTabBarButton.m; sourceTree = "<group>"; };
		353938302B2841A1003CB121 /* DJTabBar.h */ = {isa = PBXFileReference; lastKnownFileType = sourcecode.c.h; path = DJTabBar.h; sourceTree = "<group>"; };
		353938312B2841A1003CB121 /* DJTabBar.m */ = {isa = PBXFileReference; lastKnownFileType = sourcecode.c.objc; path = DJTabBar.m; sourceTree = "<group>"; };
		3539383A2B28426F003CB121 /* DJDevice.h */ = {isa = PBXFileReference; lastKnownFileType = sourcecode.c.h; path = DJDevice.h; sourceTree = "<group>"; };
		3539383B2B28426F003CB121 /* DJDevice.m */ = {isa = PBXFileReference; lastKnownFileType = sourcecode.c.objc; path = DJDevice.m; sourceTree = "<group>"; };
		3574D2862B284A000052BC57 /* DJHomeView.h */ = {isa = PBXFileReference; lastKnownFileType = sourcecode.c.h; path = DJHomeView.h; sourceTree = "<group>"; };
		3574D2872B284A000052BC57 /* DJHomeView.m */ = {isa = PBXFileReference; lastKnownFileType = sourcecode.c.objc; path = DJHomeView.m; sourceTree = "<group>"; };
		3574D2892B284A170052BC57 /* DJHomeNavigationBar.h */ = {isa = PBXFileReference; lastKnownFileType = sourcecode.c.h; path = DJHomeNavigationBar.h; sourceTree = "<group>"; };
		3574D28A2B284A170052BC57 /* DJHomeNavigationBar.m */ = {isa = PBXFileReference; lastKnownFileType = sourcecode.c.objc; path = DJHomeNavigationBar.m; sourceTree = "<group>"; };
		3574D28F2B284DB00052BC57 /* DJScreen.h */ = {isa = PBXFileReference; lastKnownFileType = sourcecode.c.h; path = DJScreen.h; sourceTree = "<group>"; };
		3574D2942B284FA70052BC57 /* DJColor.h */ = {isa = PBXFileReference; lastKnownFileType = sourcecode.c.h; path = DJColor.h; sourceTree = "<group>"; };
		3574D2952B284FA70052BC57 /* DJColor.m */ = {isa = PBXFileReference; lastKnownFileType = sourcecode.c.objc; path = DJColor.m; sourceTree = "<group>"; };
		3574D29A2B2850A40052BC57 /* DJCollectionView.h */ = {isa = PBXFileReference; lastKnownFileType = sourcecode.c.h; path = DJCollectionView.h; sourceTree = "<group>"; };
		3574D29B2B2850A40052BC57 /* DJCollectionView.m */ = {isa = PBXFileReference; lastKnownFileType = sourcecode.c.objc; path = DJCollectionView.m; sourceTree = "<group>"; };
/* End PBXFileReference section */

/* Begin PBXFrameworksBuildPhase section */
		350F21502B2839F100299CFC /* Frameworks */ = {
			isa = PBXFrameworksBuildPhase;
			buildActionMask = 2147483647;
			files = (
			);
			runOnlyForDeploymentPostprocessing = 0;
		};
		350F216B2B2839F300299CFC /* Frameworks */ = {
			isa = PBXFrameworksBuildPhase;
			buildActionMask = 2147483647;
			files = (
			);
			runOnlyForDeploymentPostprocessing = 0;
		};
		350F21752B2839F300299CFC /* Frameworks */ = {
			isa = PBXFrameworksBuildPhase;
			buildActionMask = 2147483647;
			files = (
			);
			runOnlyForDeploymentPostprocessing = 0;
		};
/* End PBXFrameworksBuildPhase section */

/* Begin PBXGroup section */
		350F214A2B2839F000299CFC = {
			isa = PBXGroup;
			children = (
				350F21552B2839F100299CFC /* TopBuzz_demo */,
				350F21712B2839F300299CFC /* TopBuzz_demoTests */,
				350F217B2B2839F300299CFC /* TopBuzz_demoUITests */,
				350F21542B2839F100299CFC /* Products */,
			);
			sourceTree = "<group>";
		};
		350F21542B2839F100299CFC /* Products */ = {
			isa = PBXGroup;
			children = (
				350F21532B2839F100299CFC /* TopBuzz_demo.app */,
				350F216E2B2839F300299CFC /* TopBuzz_demoTests.xctest */,
				350F21782B2839F300299CFC /* TopBuzz_demoUITests.xctest */,
			);
			name = Products;
			sourceTree = "<group>";
		};
		350F21552B2839F100299CFC /* TopBuzz_demo */ = {
			isa = PBXGroup;
			children = (
				3574D27A2B2848410052BC57 /* Content */,
				353938332B2841D2003CB121 /* Tool */,
				3539382C2B2840AF003CB121 /* Base */,
				350F215F2B2839F100299CFC /* Main.storyboard */,
				350F21622B2839F300299CFC /* Assets.xcassets */,
				350F21642B2839F300299CFC /* LaunchScreen.storyboard */,
				350F21672B2839F300299CFC /* Info.plist */,
				350F21682B2839F300299CFC /* main.m */,
			);
			path = TopBuzz_demo;
			sourceTree = "<group>";
		};
		350F21712B2839F300299CFC /* TopBuzz_demoTests */ = {
			isa = PBXGroup;
			children = (
				350F21722B2839F300299CFC /* TopBuzz_demoTests.m */,
			);
			path = TopBuzz_demoTests;
			sourceTree = "<group>";
		};
		350F217B2B2839F300299CFC /* TopBuzz_demoUITests */ = {
			isa = PBXGroup;
			children = (
				350F217C2B2839F300299CFC /* TopBuzz_demoUITests.m */,
				350F217E2B2839F300299CFC /* TopBuzz_demoUITestsLaunchTests.m */,
			);
			path = TopBuzz_demoUITests;
			sourceTree = "<group>";
		};
		3539382C2B2840AF003CB121 /* Base */ = {
			isa = PBXGroup;
			children = (
				350F21562B2839F100299CFC /* AppDelegate.h */,
				350F21572B2839F100299CFC /* AppDelegate.m */,
				350F21592B2839F100299CFC /* SceneDelegate.h */,
				350F215A2B2839F100299CFC /* SceneDelegate.m */,
				353938292B283FA1003CB121 /* DJTabBarController.h */,
				3539382A2B283FA1003CB121 /* DJTabBarController.m */,
				3539382D2B2840CD003CB121 /* DJTabBarButton.h */,
				3539382E2B2840CD003CB121 /* DJTabBarButton.m */,
				353938302B2841A1003CB121 /* DJTabBar.h */,
				353938312B2841A1003CB121 /* DJTabBar.m */,
			);
			path = Base;
			sourceTree = "<group>";
		};
		353938332B2841D2003CB121 /* Tool */ = {
			isa = PBXGroup;
			children = (
				3539383A2B28426F003CB121 /* DJDevice.h */,
				3539383B2B28426F003CB121 /* DJDevice.m */,
				3574D28F2B284DB00052BC57 /* DJScreen.h */,
				3574D2942B284FA70052BC57 /* DJColor.h */,
				3574D2952B284FA70052BC57 /* DJColor.m */,
			);
			path = Tool;
			sourceTree = "<group>";
		};
		3574D27A2B2848410052BC57 /* Content */ = {
			isa = PBXGroup;
			children = (
				3574D27C2B2848D90052BC57 /* Home */,
			);
			path = Content;
			sourceTree = "<group>";
		};
		3574D27B2B2848C70052BC57 /* Controller */ = {
			isa = PBXGroup;
			children = (
				353938262B283CD7003CB121 /* HomeViewController.h */,
				353938272B283CD7003CB121 /* HomeViewController.m */,
			);
			path = Controller;
			sourceTree = "<group>";
		};
		3574D27C2B2848D90052BC57 /* Home */ = {
			isa = PBXGroup;
			children = (
				3574D27F2B2848F20052BC57 /* Model */,
				3574D27E2B2848E80052BC57 /* ViewModel */,
				3574D27D2B2848E20052BC57 /* View */,
				3574D27B2B2848C70052BC57 /* Controller */,
			);
			path = Home;
			sourceTree = "<group>";
		};
		3574D27D2B2848E20052BC57 /* View */ = {
			isa = PBXGroup;
			children = (
				3574D2862B284A000052BC57 /* DJHomeView.h */,
				3574D2872B284A000052BC57 /* DJHomeView.m */,
				3574D2892B284A170052BC57 /* DJHomeNavigationBar.h */,
				3574D28A2B284A170052BC57 /* DJHomeNavigationBar.m */,
				3574D29A2B2850A40052BC57 /* DJCollectionView.h */,
				3574D29B2B2850A40052BC57 /* DJCollectionView.m */,
			);
			path = View;
			sourceTree = "<group>";
		};
		3574D27E2B2848E80052BC57 /* ViewModel */ = {
			isa = PBXGroup;
			children = (
			);
			path = ViewModel;
			sourceTree = "<group>";
		};
		3574D27F2B2848F20052BC57 /* Model */ = {
			isa = PBXGroup;
			children = (
			);
			path = Model;
			sourceTree = "<group>";
		};
/* End PBXGroup section */

/* Begin PBXNativeTarget section */
		350F21522B2839F100299CFC /* TopBuzz_demo */ = {
			isa = PBXNativeTarget;
			buildConfigurationList = 350F21822B2839F300299CFC /* Build configuration list for PBXNativeTarget "TopBuzz_demo" */;
			buildPhases = (
				350F214F2B2839F100299CFC /* Sources */,
				350F21502B2839F100299CFC /* Frameworks */,
				350F21512B2839F100299CFC /* Resources */,
			);
			buildRules = (
			);
			dependencies = (
			);
			name = TopBuzz_demo;
			productName = TopBuzz_demo;
			productReference = 350F21532B2839F100299CFC /* TopBuzz_demo.app */;
			productType = "com.apple.product-type.application";
		};
		350F216D2B2839F300299CFC /* TopBuzz_demoTests */ = {
			isa = PBXNativeTarget;
			buildConfigurationList = 350F21852B2839F300299CFC /* Build configuration list for PBXNativeTarget "TopBuzz_demoTests" */;
			buildPhases = (
				350F216A2B2839F300299CFC /* Sources */,
				350F216B2B2839F300299CFC /* Frameworks */,
				350F216C2B2839F300299CFC /* Resources */,
			);
			buildRules = (
			);
			dependencies = (
				350F21702B2839F300299CFC /* PBXTargetDependency */,
			);
			name = TopBuzz_demoTests;
			productName = TopBuzz_demoTests;
			productReference = 350F216E2B2839F300299CFC /* TopBuzz_demoTests.xctest */;
			productType = "com.apple.product-type.bundle.unit-test";
		};
		350F21772B2839F300299CFC /* TopBuzz_demoUITests */ = {
			isa = PBXNativeTarget;
			buildConfigurationList = 350F21882B2839F300299CFC /* Build configuration list for PBXNativeTarget "TopBuzz_demoUITests" */;
			buildPhases = (
				350F21742B2839F300299CFC /* Sources */,
				350F21752B2839F300299CFC /* Frameworks */,
				350F21762B2839F300299CFC /* Resources */,
			);
			buildRules = (
			);
			dependencies = (
				350F217A2B2839F300299CFC /* PBXTargetDependency */,
			);
			name = TopBuzz_demoUITests;
			productName = TopBuzz_demoUITests;
			productReference = 350F21782B2839F300299CFC /* TopBuzz_demoUITests.xctest */;
			productType = "com.apple.product-type.bundle.ui-testing";
		};
/* End PBXNativeTarget section */

/* Begin PBXProject section */
		350F214B2B2839F000299CFC /* Project object */ = {
			isa = PBXProject;
			attributes = {
				BuildIndependentTargetsInParallel = 1;
				LastUpgradeCheck = 1500;
				TargetAttributes = {
					350F21522B2839F100299CFC = {
						CreatedOnToolsVersion = 15.0.1;
					};
					350F216D2B2839F300299CFC = {
						CreatedOnToolsVersion = 15.0.1;
						TestTargetID = 350F21522B2839F100299CFC;
					};
					350F21772B2839F300299CFC = {
						CreatedOnToolsVersion = 15.0.1;
						TestTargetID = 350F21522B2839F100299CFC;
					};
				};
			};
			buildConfigurationList = 350F214E2B2839F000299CFC /* Build configuration list for PBXProject "TopBuzz_demo" */;
			compatibilityVersion = "Xcode 14.0";
			developmentRegion = en;
			hasScannedForEncodings = 0;
			knownRegions = (
				en,
				Base,
			);
			mainGroup = 350F214A2B2839F000299CFC;
			productRefGroup = 350F21542B2839F100299CFC /* Products */;
			projectDirPath = "";
			projectRoot = "";
			targets = (
				350F21522B2839F100299CFC /* TopBuzz_demo */,
				350F216D2B2839F300299CFC /* TopBuzz_demoTests */,
				350F21772B2839F300299CFC /* TopBuzz_demoUITests */,
			);
		};
/* End PBXProject section */

/* Begin PBXResourcesBuildPhase section */
		350F21512B2839F100299CFC /* Resources */ = {
			isa = PBXResourcesBuildPhase;
			buildActionMask = 2147483647;
			files = (
				350F21662B2839F300299CFC /* LaunchScreen.storyboard in Resources */,
				350F21632B2839F300299CFC /* Assets.xcassets in Resources */,
				350F21612B2839F100299CFC /* Main.storyboard in Resources */,
			);
			runOnlyForDeploymentPostprocessing = 0;
		};
		350F216C2B2839F300299CFC /* Resources */ = {
			isa = PBXResourcesBuildPhase;
			buildActionMask = 2147483647;
			files = (
			);
			runOnlyForDeploymentPostprocessing = 0;
		};
		350F21762B2839F300299CFC /* Resources */ = {
			isa = PBXResourcesBuildPhase;
			buildActionMask = 2147483647;
			files = (
			);
			runOnlyForDeploymentPostprocessing = 0;
		};
/* End PBXResourcesBuildPhase section */

/* Begin PBXSourcesBuildPhase section */
		350F214F2B2839F100299CFC /* Sources */ = {
			isa = PBXSourcesBuildPhase;
			buildActionMask = 2147483647;
			files = (
				3574D2882B284A000052BC57 /* DJHomeView.m in Sources */,
				353938322B2841A1003CB121 /* DJTabBar.m in Sources */,
				3574D28B2B284A170052BC57 /* DJHomeNavigationBar.m in Sources */,
				3539383C2B28426F003CB121 /* DJDevice.m in Sources */,
				350F21582B2839F100299CFC /* AppDelegate.m in Sources */,
				3539382F2B2840CD003CB121 /* DJTabBarButton.m in Sources */,
				350F21692B2839F300299CFC /* main.m in Sources */,
				3539382B2B283FA1003CB121 /* DJTabBarController.m in Sources */,
				353938282B283CD7003CB121 /* HomeViewController.m in Sources */,
				3574D2962B284FA70052BC57 /* DJColor.m in Sources */,
				3574D29C2B2850A40052BC57 /* DJCollectionView.m in Sources */,
				350F215B2B2839F100299CFC /* SceneDelegate.m in Sources */,
			);
			runOnlyForDeploymentPostprocessing = 0;
		};
		350F216A2B2839F300299CFC /* Sources */ = {
			isa = PBXSourcesBuildPhase;
			buildActionMask = 2147483647;
			files = (
				350F21732B2839F300299CFC /* TopBuzz_demoTests.m in Sources */,
			);
			runOnlyForDeploymentPostprocessing = 0;
		};
		350F21742B2839F300299CFC /* Sources */ = {
			isa = PBXSourcesBuildPhase;
			buildActionMask = 2147483647;
			files = (
				350F217F2B2839F300299CFC /* TopBuzz_demoUITestsLaunchTests.m in Sources */,
				350F217D2B2839F300299CFC /* TopBuzz_demoUITests.m in Sources */,
			);
			runOnlyForDeploymentPostprocessing = 0;
		};
/* End PBXSourcesBuildPhase section */

/* Begin PBXTargetDependency section */
		350F21702B2839F300299CFC /* PBXTargetDependency */ = {
			isa = PBXTargetDependency;
			target = 350F21522B2839F100299CFC /* TopBuzz_demo */;
			targetProxy = 350F216F2B2839F300299CFC /* PBXContainerItemProxy */;
		};
		350F217A2B2839F300299CFC /* PBXTargetDependency */ = {
			isa = PBXTargetDependency;
			target = 350F21522B2839F100299CFC /* TopBuzz_demo */;
			targetProxy = 350F21792B2839F300299CFC /* PBXContainerItemProxy */;
		};
/* End PBXTargetDependency section */

/* Begin PBXVariantGroup section */
		350F215F2B2839F100299CFC /* Main.storyboard */ = {
			isa = PBXVariantGroup;
			children = (
				350F21602B2839F100299CFC /* Base */,
			);
			name = Main.storyboard;
			sourceTree = "<group>";
		};
		350F21642B2839F300299CFC /* LaunchScreen.storyboard */ = {
			isa = PBXVariantGroup;
			children = (
				350F21652B2839F300299CFC /* Base */,
			);
			name = LaunchScreen.storyboard;
			sourceTree = "<group>";
		};
/* End PBXVariantGroup section */

/* Begin XCBuildConfiguration section */
		350F21802B2839F300299CFC /* Debug */ = {
			isa = XCBuildConfiguration;
			buildSettings = {
				ALWAYS_SEARCH_USER_PATHS = NO;
				ASSETCATALOG_COMPILER_GENERATE_SWIFT_ASSET_SYMBOL_EXTENSIONS = YES;
				CLANG_ANALYZER_NONNULL = YES;
				CLANG_ANALYZER_NUMBER_OBJECT_CONVERSION = YES_AGGRESSIVE;
				CLANG_CXX_LANGUAGE_STANDARD = "gnu++20";
				CLANG_ENABLE_MODULES = YES;
				CLANG_ENABLE_OBJC_ARC = YES;
				CLANG_ENABLE_OBJC_WEAK = YES;
				CLANG_WARN_BLOCK_CAPTURE_AUTORELEASING = YES;
				CLANG_WARN_BOOL_CONVERSION = YES;
				CLANG_WARN_COMMA = YES;
				CLANG_WARN_CONSTANT_CONVERSION = YES;
				CLANG_WARN_DEPRECATED_OBJC_IMPLEMENTATIONS = YES;
				CLANG_WARN_DIRECT_OBJC_ISA_USAGE = YES_ERROR;
				CLANG_WARN_DOCUMENTATION_COMMENTS = YES;
				CLANG_WARN_EMPTY_BODY = YES;
				CLANG_WARN_ENUM_CONVERSION = YES;
				CLANG_WARN_INFINITE_RECURSION = YES;
				CLANG_WARN_INT_CONVERSION = YES;
				CLANG_WARN_NON_LITERAL_NULL_CONVERSION = YES;
				CLANG_WARN_OBJC_IMPLICIT_RETAIN_SELF = YES;
				CLANG_WARN_OBJC_LITERAL_CONVERSION = YES;
				CLANG_WARN_OBJC_ROOT_CLASS = YES_ERROR;
				CLANG_WARN_QUOTED_INCLUDE_IN_FRAMEWORK_HEADER = YES;
				CLANG_WARN_RANGE_LOOP_ANALYSIS = YES;
				CLANG_WARN_STRICT_PROTOTYPES = YES;
				CLANG_WARN_SUSPICIOUS_MOVE = YES;
				CLANG_WARN_UNGUARDED_AVAILABILITY = YES_AGGRESSIVE;
				CLANG_WARN_UNREACHABLE_CODE = YES;
				CLANG_WARN__DUPLICATE_METHOD_MATCH = YES;
				COPY_PHASE_STRIP = NO;
				DEBUG_INFORMATION_FORMAT = dwarf;
				ENABLE_STRICT_OBJC_MSGSEND = YES;
				ENABLE_TESTABILITY = YES;
				ENABLE_USER_SCRIPT_SANDBOXING = YES;
				GCC_C_LANGUAGE_STANDARD = gnu17;
				GCC_DYNAMIC_NO_PIC = NO;
				GCC_NO_COMMON_BLOCKS = YES;
				GCC_OPTIMIZATION_LEVEL = 0;
				GCC_PREPROCESSOR_DEFINITIONS = (
					"DEBUG=1",
					"$(inherited)",
				);
				GCC_WARN_64_TO_32_BIT_CONVERSION = YES;
				GCC_WARN_ABOUT_RETURN_TYPE = YES_ERROR;
				GCC_WARN_UNDECLARED_SELECTOR = YES;
				GCC_WARN_UNINITIALIZED_AUTOS = YES_AGGRESSIVE;
				GCC_WARN_UNUSED_FUNCTION = YES;
				GCC_WARN_UNUSED_VARIABLE = YES;
				IPHONEOS_DEPLOYMENT_TARGET = 17.0;
				LOCALIZATION_PREFERS_STRING_CATALOGS = YES;
				MTL_ENABLE_DEBUG_INFO = INCLUDE_SOURCE;
				MTL_FAST_MATH = YES;
				ONLY_ACTIVE_ARCH = YES;
				SDKROOT = iphoneos;
			};
			name = Debug;
		};
		350F21812B2839F300299CFC /* Release */ = {
			isa = XCBuildConfiguration;
			buildSettings = {
				ALWAYS_SEARCH_USER_PATHS = NO;
				ASSETCATALOG_COMPILER_GENERATE_SWIFT_ASSET_SYMBOL_EXTENSIONS = YES;
				CLANG_ANALYZER_NONNULL = YES;
				CLANG_ANALYZER_NUMBER_OBJECT_CONVERSION = YES_AGGRESSIVE;
				CLANG_CXX_LANGUAGE_STANDARD = "gnu++20";
				CLANG_ENABLE_MODULES = YES;
				CLANG_ENABLE_OBJC_ARC = YES;
				CLANG_ENABLE_OBJC_WEAK = YES;
				CLANG_WARN_BLOCK_CAPTURE_AUTORELEASING = YES;
				CLANG_WARN_BOOL_CONVERSION = YES;
				CLANG_WARN_COMMA = YES;
				CLANG_WARN_CONSTANT_CONVERSION = YES;
				CLANG_WARN_DEPRECATED_OBJC_IMPLEMENTATIONS = YES;
				CLANG_WARN_DIRECT_OBJC_ISA_USAGE = YES_ERROR;
				CLANG_WARN_DOCUMENTATION_COMMENTS = YES;
				CLANG_WARN_EMPTY_BODY = YES;
				CLANG_WARN_ENUM_CONVERSION = YES;
				CLANG_WARN_INFINITE_RECURSION = YES;
				CLANG_WARN_INT_CONVERSION = YES;
				CLANG_WARN_NON_LITERAL_NULL_CONVERSION = YES;
				CLANG_WARN_OBJC_IMPLICIT_RETAIN_SELF = YES;
				CLANG_WARN_OBJC_LITERAL_CONVERSION = YES;
				CLANG_WARN_OBJC_ROOT_CLASS = YES_ERROR;
				CLANG_WARN_QUOTED_INCLUDE_IN_FRAMEWORK_HEADER = YES;
				CLANG_WARN_RANGE_LOOP_ANALYSIS = YES;
				CLANG_WARN_STRICT_PROTOTYPES = YES;
				CLANG_WARN_SUSPICIOUS_MOVE = YES;
				CLANG_WARN_UNGUARDED_AVAILABILITY = YES_AGGRESSIVE;
				CLANG_WARN_UNREACHABLE_CODE = YES;
				CLANG_WARN__DUPLICATE_METHOD_MATCH = YES;
				COPY_PHASE_STRIP = NO;
				DEBUG_INFORMATION_FORMAT = "dwarf-with-dsym";
				ENABLE_NS_ASSERTIONS = NO;
				ENABLE_STRICT_OBJC_MSGSEND = YES;
				ENABLE_USER_SCRIPT_SANDBOXING = YES;
				GCC_C_LANGUAGE_STANDARD = gnu17;
				GCC_NO_COMMON_BLOCKS = YES;
				GCC_WARN_64_TO_32_BIT_CONVERSION = YES;
				GCC_WARN_ABOUT_RETURN_TYPE = YES_ERROR;
				GCC_WARN_UNDECLARED_SELECTOR = YES;
				GCC_WARN_UNINITIALIZED_AUTOS = YES_AGGRESSIVE;
				GCC_WARN_UNUSED_FUNCTION = YES;
				GCC_WARN_UNUSED_VARIABLE = YES;
				IPHONEOS_DEPLOYMENT_TARGET = 17.0;
				LOCALIZATION_PREFERS_STRING_CATALOGS = YES;
				MTL_ENABLE_DEBUG_INFO = NO;
				MTL_FAST_MATH = YES;
				SDKROOT = iphoneos;
				VALIDATE_PRODUCT = YES;
			};
			name = Release;
		};
		350F21832B2839F300299CFC /* Debug */ = {
			isa = XCBuildConfiguration;
			buildSettings = {
				ASSETCATALOG_COMPILER_APPICON_NAME = AppIcon;
				ASSETCATALOG_COMPILER_GLOBAL_ACCENT_COLOR_NAME = AccentColor;
				CODE_SIGN_STYLE = Automatic;
				CURRENT_PROJECT_VERSION = 1;
				DEVELOPMENT_TEAM = FUYWJ9UF9U;
				GENERATE_INFOPLIST_FILE = YES;
				INFOPLIST_FILE = TopBuzz_demo/Info.plist;
				INFOPLIST_KEY_UIApplicationSupportsIndirectInputEvents = YES;
				INFOPLIST_KEY_UILaunchStoryboardName = LaunchScreen;
				INFOPLIST_KEY_UIMainStoryboardFile = Main;
				INFOPLIST_KEY_UISupportedInterfaceOrientations_iPad = "UIInterfaceOrientationPortrait UIInterfaceOrientationPortraitUpsideDown UIInterfaceOrientationLandscapeLeft UIInterfaceOrientationLandscapeRight";
				INFOPLIST_KEY_UISupportedInterfaceOrientations_iPhone = "UIInterfaceOrientationPortrait UIInterfaceOrientationLandscapeLeft UIInterfaceOrientationLandscapeRight";
				LD_RUNPATH_SEARCH_PATHS = (
					"$(inherited)",
					"@executable_path/Frameworks",
				);
				MARKETING_VERSION = 1.0;
				PRODUCT_BUNDLE_IDENTIFIER = "TV-TikTok.TopBuzz-demo";
				PRODUCT_NAME = "$(TARGET_NAME)";
				SWIFT_EMIT_LOC_STRINGS = YES;
				TARGETED_DEVICE_FAMILY = "1,2";
			};
			name = Debug;
		};
		350F21842B2839F300299CFC /* Release */ = {
			isa = XCBuildConfiguration;
			buildSettings = {
				ASSETCATALOG_COMPILER_APPICON_NAME = AppIcon;
				ASSETCATALOG_COMPILER_GLOBAL_ACCENT_COLOR_NAME = AccentColor;
				CODE_SIGN_STYLE = Automatic;
				CURRENT_PROJECT_VERSION = 1;
				DEVELOPMENT_TEAM = FUYWJ9UF9U;
				GENERATE_INFOPLIST_FILE = YES;
				INFOPLIST_FILE = TopBuzz_demo/Info.plist;
				INFOPLIST_KEY_UIApplicationSupportsIndirectInputEvents = YES;
				INFOPLIST_KEY_UILaunchStoryboardName = LaunchScreen;
				INFOPLIST_KEY_UIMainStoryboardFile = Main;
				INFOPLIST_KEY_UISupportedInterfaceOrientations_iPad = "UIInterfaceOrientationPortrait UIInterfaceOrientationPortraitUpsideDown UIInterfaceOrientationLandscapeLeft UIInterfaceOrientationLandscapeRight";
				INFOPLIST_KEY_UISupportedInterfaceOrientations_iPhone = "UIInterfaceOrientationPortrait UIInterfaceOrientationLandscapeLeft UIInterfaceOrientationLandscapeRight";
				LD_RUNPATH_SEARCH_PATHS = (
					"$(inherited)",
					"@executable_path/Frameworks",
				);
				MARKETING_VERSION = 1.0;
				PRODUCT_BUNDLE_IDENTIFIER = "TV-TikTok.TopBuzz-demo";
				PRODUCT_NAME = "$(TARGET_NAME)";
				SWIFT_EMIT_LOC_STRINGS = YES;
				TARGETED_DEVICE_FAMILY = "1,2";
			};
			name = Release;
		};
		350F21862B2839F300299CFC /* Debug */ = {
			isa = XCBuildConfiguration;
			buildSettings = {
				BUNDLE_LOADER = "$(TEST_HOST)";
				CODE_SIGN_STYLE = Automatic;
				CURRENT_PROJECT_VERSION = 1;
				DEVELOPMENT_TEAM = FUYWJ9UF9U;
				GENERATE_INFOPLIST_FILE = YES;
				IPHONEOS_DEPLOYMENT_TARGET = 17.0;
				MARKETING_VERSION = 1.0;
				PRODUCT_BUNDLE_IDENTIFIER = "TV-TikTok.TopBuzz-demoTests";
				PRODUCT_NAME = "$(TARGET_NAME)";
				SWIFT_EMIT_LOC_STRINGS = NO;
				TARGETED_DEVICE_FAMILY = "1,2";
				TEST_HOST = "$(BUILT_PRODUCTS_DIR)/TopBuzz_demo.app/$(BUNDLE_EXECUTABLE_FOLDER_PATH)/TopBuzz_demo";
			};
			name = Debug;
		};
		350F21872B2839F300299CFC /* Release */ = {
			isa = XCBuildConfiguration;
			buildSettings = {
				BUNDLE_LOADER = "$(TEST_HOST)";
				CODE_SIGN_STYLE = Automatic;
				CURRENT_PROJECT_VERSION = 1;
				DEVELOPMENT_TEAM = FUYWJ9UF9U;
				GENERATE_INFOPLIST_FILE = YES;
				IPHONEOS_DEPLOYMENT_TARGET = 17.0;
				MARKETING_VERSION = 1.0;
				PRODUCT_BUNDLE_IDENTIFIER = "TV-TikTok.TopBuzz-demoTests";
				PRODUCT_NAME = "$(TARGET_NAME)";
				SWIFT_EMIT_LOC_STRINGS = NO;
				TARGETED_DEVICE_FAMILY = "1,2";
				TEST_HOST = "$(BUILT_PRODUCTS_DIR)/TopBuzz_demo.app/$(BUNDLE_EXECUTABLE_FOLDER_PATH)/TopBuzz_demo";
			};
			name = Release;
		};
		350F21892B2839F300299CFC /* Debug */ = {
			isa = XCBuildConfiguration;
			buildSettings = {
				CODE_SIGN_STYLE = Automatic;
				CURRENT_PROJECT_VERSION = 1;
				DEVELOPMENT_TEAM = FUYWJ9UF9U;
				GENERATE_INFOPLIST_FILE = YES;
				MARKETING_VERSION = 1.0;
				PRODUCT_BUNDLE_IDENTIFIER = "TV-TikTok.TopBuzz-demoUITests";
				PRODUCT_NAME = "$(TARGET_NAME)";
				SWIFT_EMIT_LOC_STRINGS = NO;
				TARGETED_DEVICE_FAMILY = "1,2";
				TEST_TARGET_NAME = TopBuzz_demo;
			};
			name = Debug;
		};
		350F218A2B2839F300299CFC /* Release */ = {
			isa = XCBuildConfiguration;
			buildSettings = {
				CODE_SIGN_STYLE = Automatic;
				CURRENT_PROJECT_VERSION = 1;
				DEVELOPMENT_TEAM = FUYWJ9UF9U;
				GENERATE_INFOPLIST_FILE = YES;
				MARKETING_VERSION = 1.0;
				PRODUCT_BUNDLE_IDENTIFIER = "TV-TikTok.TopBuzz-demoUITests";
				PRODUCT_NAME = "$(TARGET_NAME)";
				SWIFT_EMIT_LOC_STRINGS = NO;
				TARGETED_DEVICE_FAMILY = "1,2";
				TEST_TARGET_NAME = TopBuzz_demo;
			};
			name = Release;
		};
/* End XCBuildConfiguration section */

/* Begin XCConfigurationList section */
		350F214E2B2839F000299CFC /* Build configuration list for PBXProject "TopBuzz_demo" */ = {
			isa = XCConfigurationList;
			buildConfigurations = (
				350F21802B2839F300299CFC /* Debug */,
				350F21812B2839F300299CFC /* Release */,
			);
			defaultConfigurationIsVisible = 0;
			defaultConfigurationName = Release;
		};
		350F21822B2839F300299CFC /* Build configuration list for PBXNativeTarget "TopBuzz_demo" */ = {
			isa = XCConfigurationList;
			buildConfigurations = (
				350F21832B2839F300299CFC /* Debug */,
				350F21842B2839F300299CFC /* Release */,
			);
			defaultConfigurationIsVisible = 0;
			defaultConfigurationName = Release;
		};
		350F21852B2839F300299CFC /* Build configuration list for PBXNativeTarget "TopBuzz_demoTests" */ = {
			isa = XCConfigurationList;
			buildConfigurations = (
				350F21862B2839F300299CFC /* Debug */,
				350F21872B2839F300299CFC /* Release */,
			);
			defaultConfigurationIsVisible = 0;
			defaultConfigurationName = Release;
		};
		350F21882B2839F300299CFC /* Build configuration list for PBXNativeTarget "TopBuzz_demoUITests" */ = {
			isa = XCConfigurationList;
			buildConfigurations = (
				350F21892B2839F300299CFC /* Debug */,
				350F218A2B2839F300299CFC /* Release */,
			);
			defaultConfigurationIsVisible = 0;
			defaultConfigurationName = Release;
		};
/* End XCConfigurationList section */
	};
	rootObject = 350F214B2B2839F000299CFC /* Project object */;
}
