// !$*UTF8*$!
{
	archiveVersion = 1;
	classes = {
	};
	objectVersion = 56;
	objects = {

/* Begin PBXBuildFile section */
		347FEE31B6C6B6E2F80B6531 /* libPods-TopBuzz_demo.a in Frameworks */ = {isa = PBXBuildFile; fileRef = 5E71CEE2E161CCC6E896B486 /* libPods-TopBuzz_demo.a */; };
		350E04F42B2AC29800146109 /* DJWebImage.m in Sources */ = {isa = PBXBuildFile; fileRef = 350E04F32B2AC29800146109 /* DJWebImage.m */; };
		350F21582B2839F100299CFC /* AppDelegate.m in Sources */ = {isa = PBXBuildFile; fileRef = 350F21572B2839F100299CFC /* AppDelegate.m */; };
		350F215B2B2839F100299CFC /* SceneDelegate.m in Sources */ = {isa = PBXBuildFile; fileRef = 350F215A2B2839F100299CFC /* SceneDelegate.m */; };
		350F21612B2839F100299CFC /* Main.storyboard in Resources */ = {isa = PBXBuildFile; fileRef = 350F215F2B2839F100299CFC /* Main.storyboard */; };
		350F21632B2839F300299CFC /* Assets.xcassets in Resources */ = {isa = PBXBuildFile; fileRef = 350F21622B2839F300299CFC /* Assets.xcassets */; };
		350F21662B2839F300299CFC /* LaunchScreen.storyboard in Resources */ = {isa = PBXBuildFile; fileRef = 350F21642B2839F300299CFC /* LaunchScreen.storyboard */; };
		350F21692B2839F300299CFC /* main.m in Sources */ = {isa = PBXBuildFile; fileRef = 350F21682B2839F300299CFC /* main.m */; };
		350F21732B2839F300299CFC /* TopBuzz_demoTests.m in Sources */ = {isa = PBXBuildFile; fileRef = 350F21722B2839F300299CFC /* TopBuzz_demoTests.m */; };
		350F217D2B2839F300299CFC /* TopBuzz_demoUITests.m in Sources */ = {isa = PBXBuildFile; fileRef = 350F217C2B2839F300299CFC /* TopBuzz_demoUITests.m */; };
		350F217F2B2839F300299CFC /* TopBuzz_demoUITestsLaunchTests.m in Sources */ = {isa = PBXBuildFile; fileRef = 350F217E2B2839F300299CFC /* TopBuzz_demoUITestsLaunchTests.m */; };
		351FE2F92B2CCE9E00E5ED9D /* DJCacheLRUManager.m in Sources */ = {isa = PBXBuildFile; fileRef = 351FE2F82B2CCE9E00E5ED9D /* DJCacheLRUManager.m */; };
		353938282B283CD7003CB121 /* HomeViewController.m in Sources */ = {isa = PBXBuildFile; fileRef = 353938272B283CD7003CB121 /* HomeViewController.m */; };
		3539382B2B283FA1003CB121 /* DJTabBarController.m in Sources */ = {isa = PBXBuildFile; fileRef = 3539382A2B283FA1003CB121 /* DJTabBarController.m */; };
		3539382F2B2840CD003CB121 /* DJTabBarButton.m in Sources */ = {isa = PBXBuildFile; fileRef = 3539382E2B2840CD003CB121 /* DJTabBarButton.m */; };
		353938322B2841A1003CB121 /* DJTabBar.m in Sources */ = {isa = PBXBuildFile; fileRef = 353938312B2841A1003CB121 /* DJTabBar.m */; };
		3539383C2B28426F003CB121 /* DJDevice.m in Sources */ = {isa = PBXBuildFile; fileRef = 3539383B2B28426F003CB121 /* DJDevice.m */; };
		3566C87C2B2892CF0023BA7A /* DJHomeModel.m in Sources */ = {isa = PBXBuildFile; fileRef = 3566C87B2B2892CF0023BA7A /* DJHomeModel.m */; };
		3566C87F2B2892E90023BA7A /* DJHomeViewModel.m in Sources */ = {isa = PBXBuildFile; fileRef = 3566C87E2B2892E90023BA7A /* DJHomeViewModel.m */; };
		3574D2882B284A000052BC57 /* DJHomeView.m in Sources */ = {isa = PBXBuildFile; fileRef = 3574D2872B284A000052BC57 /* DJHomeView.m */; };
		3574D28B2B284A170052BC57 /* DJHomeNavigationBar.m in Sources */ = {isa = PBXBuildFile; fileRef = 3574D28A2B284A170052BC57 /* DJHomeNavigationBar.m */; };
		3574D2962B284FA70052BC57 /* DJColor.m in Sources */ = {isa = PBXBuildFile; fileRef = 3574D2952B284FA70052BC57 /* DJColor.m */; };
		3574D29C2B2850A40052BC57 /* DJCollectionView.m in Sources */ = {isa = PBXBuildFile; fileRef = 3574D29B2B2850A40052BC57 /* DJCollectionView.m */; };
		3574D29F2B2881F10052BC57 /* DJCollectionLayout.m in Sources */ = {isa = PBXBuildFile; fileRef = 3574D29E2B2881F10052BC57 /* DJCollectionLayout.m */; };
		357B32242B2C1F6D00633D12 /* DJDetailNavigationBar.m in Sources */ = {isa = PBXBuildFile; fileRef = 357B32232B2C1F6D00633D12 /* DJDetailNavigationBar.m */; };
		357B32272B2C301700633D12 /* DJDetailView.m in Sources */ = {isa = PBXBuildFile; fileRef = 357B32262B2C301700633D12 /* DJDetailView.m */; };
		358593662B2D01BB00D337FF /* DJCommentView.m in Sources */ = {isa = PBXBuildFile; fileRef = 358593652B2D01BB00D337FF /* DJCommentView.m */; };
		358593692B2D02A700D337FF /* DJCommentViewCell.m in Sources */ = {isa = PBXBuildFile; fileRef = 358593682B2D02A700D337FF /* DJCommentViewCell.m */; };
		35D669C52B28886F00AB2A0D /* DJCollectionViewCell.m in Sources */ = {isa = PBXBuildFile; fileRef = 35D669C42B28886F00AB2A0D /* DJCollectionViewCell.m */; };
		35EC82332B2B2A4C00D93960 /* DJDetailViewController.m in Sources */ = {isa = PBXBuildFile; fileRef = 35EC82322B2B2A4C00D93960 /* DJDetailViewController.m */; };
		35EFFF452B2ACD3200BC6A75 /* DJWebImageCacheManager.m in Sources */ = {isa = PBXBuildFile; fileRef = 35EFFF442B2ACD3200BC6A75 /* DJWebImageCacheManager.m */; };
/* End PBXBuildFile section */

/* Begin PBXContainerItemProxy section */
		350F216F2B2839F300299CFC /* PBXContainerItemProxy */ = {
			isa = PBXContainerItemProxy;
			containerPortal = 350F214B2B2839F000299CFC /* Project object */;
			proxyType = 1;
			remoteGlobalIDString = 350F21522B2839F100299CFC;
			remoteInfo = TopBuzz_demo;
		};
		350F21792B2839F300299CFC /* PBXContainerItemProxy */ = {
			isa = PBXContainerItemProxy;
			containerPortal = 350F214B2B2839F000299CFC /* Project object */;
			proxyType = 1;
			remoteGlobalIDString = 350F21522B2839F100299CFC;
			remoteInfo = TopBuzz_demo;
		};
/* End PBXContainerItemProxy section */

/* Begin PBXFileReference section */
		350E04F22B2AC29800146109 /* DJWebImage.h */ = {isa = PBXFileReference; lastKnownFileType = sourcecode.c.h; path = DJWebImage.h; sourceTree = "<group>"; };
		350E04F32B2AC29800146109 /* DJWebImage.m */ = {isa = PBXFileReference; lastKnownFileType = sourcecode.c.objc; path = DJWebImage.m; sourceTree = "<group>"; };
		350F21532B2839F100299CFC /* TopBuzz_demo.app */ = {isa = PBXFileReference; explicitFileType = wrapper.application; includeInIndex = 0; path = TopBuzz_demo.app; sourceTree = BUILT_PRODUCTS_DIR; };
		350F21562B2839F100299CFC /* AppDelegate.h */ = {isa = PBXFileReference; lastKnownFileType = sourcecode.c.h; path = AppDelegate.h; sourceTree = "<group>"; };
		350F21572B2839F100299CFC /* AppDelegate.m */ = {isa = PBXFileReference; lastKnownFileType = sourcecode.c.objc; path = AppDelegate.m; sourceTree = "<group>"; };
		350F21592B2839F100299CFC /* SceneDelegate.h */ = {isa = PBXFileReference; lastKnownFileType = sourcecode.c.h; path = SceneDelegate.h; sourceTree = "<group>"; };
		350F215A2B2839F100299CFC /* SceneDelegate.m */ = {isa = PBXFileReference; lastKnownFileType = sourcecode.c.objc; path = SceneDelegate.m; sourceTree = "<group>"; };
		350F21602B2839F100299CFC /* Base */ = {isa = PBXFileReference; lastKnownFileType = file.storyboard; name = Base; path = Base.lproj/Main.storyboard; sourceTree = "<group>"; };
		350F21622B2839F300299CFC /* Assets.xcassets */ = {isa = PBXFileReference; lastKnownFileType = folder.assetcatalog; path = Assets.xcassets; sourceTree = "<group>"; };
		350F21652B2839F300299CFC /* Base */ = {isa = PBXFileReference; lastKnownFileType = file.storyboard; name = Base; path = Base.lproj/LaunchScreen.storyboard; sourceTree = "<group>"; };
		350F21672B2839F300299CFC /* Info.plist */ = {isa = PBXFileReference; lastKnownFileType = text.plist.xml; path = Info.plist; sourceTree = "<group>"; };
		350F21682B2839F300299CFC /* main.m */ = {isa = PBXFileReference; lastKnownFileType = sourcecode.c.objc; path = main.m; sourceTree = "<group>"; };
		350F216E2B2839F300299CFC /* TopBuzz_demoTests.xctest */ = {isa = PBXFileReference; explicitFileType = wrapper.cfbundle; includeInIndex = 0; path = TopBuzz_demoTests.xctest; sourceTree = BUILT_PRODUCTS_DIR; };
		350F21722B2839F300299CFC /* TopBuzz_demoTests.m */ = {isa = PBXFileReference; lastKnownFileType = sourcecode.c.objc; path = TopBuzz_demoTests.m; sourceTree = "<group>"; };
		350F21782B2839F300299CFC /* TopBuzz_demoUITests.xctest */ = {isa = PBXFileReference; explicitFileType = wrapper.cfbundle; includeInIndex = 0; path = TopBuzz_demoUITests.xctest; sourceTree = BUILT_PRODUCTS_DIR; };
		350F217C2B2839F300299CFC /* TopBuzz_demoUITests.m */ = {isa = PBXFileReference; lastKnownFileType = sourcecode.c.objc; path = TopBuzz_demoUITests.m; sourceTree = "<group>"; };
		350F217E2B2839F300299CFC /* TopBuzz_demoUITestsLaunchTests.m */ = {isa = PBXFileReference; lastKnownFileType = sourcecode.c.objc; path = TopBuzz_demoUITestsLaunchTests.m; sourceTree = "<group>"; };
		351FE2F72B2CCE9E00E5ED9D /* DJCacheLRUManager.h */ = {isa = PBXFileReference; lastKnownFileType = sourcecode.c.h; path = DJCacheLRUManager.h; sourceTree = "<group>"; };
		351FE2F82B2CCE9E00E5ED9D /* DJCacheLRUManager.m */ = {isa = PBXFileReference; lastKnownFileType = sourcecode.c.objc; path = DJCacheLRUManager.m; sourceTree = "<group>"; };
		353938262B283CD7003CB121 /* HomeViewController.h */ = {isa = PBXFileReference; lastKnownFileType = sourcecode.c.h; path = HomeViewController.h; sourceTree = "<group>"; };
		353938272B283CD7003CB121 /* HomeViewController.m */ = {isa = PBXFileReference; lastKnownFileType = sourcecode.c.objc; path = HomeViewController.m; sourceTree = "<group>"; };
		353938292B283FA1003CB121 /* DJTabBarController.h */ = {isa = PBXFileReference; lastKnownFileType = sourcecode.c.h; path = DJTabBarController.h; sourceTree = "<group>"; };
		3539382A2B283FA1003CB121 /* DJTabBarController.m */ = {isa = PBXFileReference; lastKnownFileType = sourcecode.c.objc; path = DJTabBarController.m; sourceTree = "<group>"; };
		3539382D2B2840CD003CB121 /* DJTabBarButton.h */ = {isa = PBXFileReference; lastKnownFileType = sourcecode.c.h; path = DJTabBarButton.h; sourceTree = "<group>"; };
		3539382E2B2840CD003CB121 /* DJTabBarButton.m */ = {isa = PBXFileReference; lastKnownFileType = sourcecode.c.objc; path = DJTabBarButton.m; sourceTree = "<group>"; };
		353938302B2841A1003CB121 /* DJTabBar.h */ = {isa = PBXFileReference; lastKnownFileType = sourcecode.c.h; path = DJTabBar.h; sourceTree = "<group>"; };
		353938312B2841A1003CB121 /* DJTabBar.m */ = {isa = PBXFileReference; lastKnownFileType = sourcecode.c.objc; path = DJTabBar.m; sourceTree = "<group>"; };
		3539383A2B28426F003CB121 /* DJDevice.h */ = {isa = PBXFileReference; lastKnownFileType = sourcecode.c.h; path = DJDevice.h; sourceTree = "<group>"; };
		3539383B2B28426F003CB121 /* DJDevice.m */ = {isa = PBXFileReference; lastKnownFileType = sourcecode.c.objc; path = DJDevice.m; sourceTree = "<group>"; };
		3566C87A2B2892CF0023BA7A /* DJHomeModel.h */ = {isa = PBXFileReference; lastKnownFileType = sourcecode.c.h; path = DJHomeModel.h; sourceTree = "<group>"; };
		3566C87B2B2892CF0023BA7A /* DJHomeModel.m */ = {isa = PBXFileReference; lastKnownFileType = sourcecode.c.objc; path = DJHomeModel.m; sourceTree = "<group>"; };
		3566C87D2B2892E90023BA7A /* DJHomeViewModel.h */ = {isa = PBXFileReference; lastKnownFileType = sourcecode.c.h; path = DJHomeViewModel.h; sourceTree = "<group>"; };
		3566C87E2B2892E90023BA7A /* DJHomeViewModel.m */ = {isa = PBXFileReference; lastKnownFileType = sourcecode.c.objc; path = DJHomeViewModel.m; sourceTree = "<group>"; };
		3574D2862B284A000052BC57 /* DJHomeView.h */ = {isa = PBXFileReference; lastKnownFileType = sourcecode.c.h; path = DJHomeView.h; sourceTree = "<group>"; };
		3574D2872B284A000052BC57 /* DJHomeView.m */ = {isa = PBXFileReference; lastKnownFileType = sourcecode.c.objc; path = DJHomeView.m; sourceTree = "<group>"; };
		3574D2892B284A170052BC57 /* DJHomeNavigationBar.h */ = {isa = PBXFileReference; lastKnownFileType = sourcecode.c.h; path = DJHomeNavigationBar.h; sourceTree = "<group>"; };
		3574D28A2B284A170052BC57 /* DJHomeNavigationBar.m */ = {isa = PBXFileReference; lastKnownFileType = sourcecode.c.objc; path = DJHomeNavigationBar.m; sourceTree = "<group>"; };
		3574D28F2B284DB00052BC57 /* DJScreen.h */ = {isa = PBXFileReference; lastKnownFileType = sourcecode.c.h; path = DJScreen.h; sourceTree = "<group>"; };
		3574D2942B284FA70052BC57 /* DJColor.h */ = {isa = PBXFileReference; lastKnownFileType = sourcecode.c.h; path = DJColor.h; sourceTree = "<group>"; };
		3574D2952B284FA70052BC57 /* DJColor.m */ = {isa = PBXFileReference; lastKnownFileType = sourcecode.c.objc; path = DJColor.m; sourceTree = "<group>"; };
		3574D29A2B2850A40052BC57 /* DJCollectionView.h */ = {isa = PBXFileReference; lastKnownFileType = sourcecode.c.h; path = DJCollectionView.h; sourceTree = "<group>"; };
		3574D29B2B2850A40052BC57 /* DJCollectionView.m */ = {isa = PBXFileReference; lastKnownFileType = sourcecode.c.objc; path = DJCollectionView.m; sourceTree = "<group>"; };
		3574D29D2B2881F10052BC57 /* DJCollectionLayout.h */ = {isa = PBXFileReference; lastKnownFileType = sourcecode.c.h; path = DJCollectionLayout.h; sourceTree = "<group>"; };
		3574D29E2B2881F10052BC57 /* DJCollectionLayout.m */ = {isa = PBXFileReference; lastKnownFileType = sourcecode.c.objc; path = DJCollectionLayout.m; sourceTree = "<group>"; };
		357B32222B2C1F6D00633D12 /* DJDetailNavigationBar.h */ = {isa = PBXFileReference; lastKnownFileType = sourcecode.c.h; path = DJDetailNavigationBar.h; sourceTree = "<group>"; };
		357B32232B2C1F6D00633D12 /* DJDetailNavigationBar.m */ = {isa = PBXFileReference; lastKnownFileType = sourcecode.c.objc; path = DJDetailNavigationBar.m; sourceTree = "<group>"; };
		357B32252B2C301700633D12 /* DJDetailView.h */ = {isa = PBXFileReference; lastKnownFileType = sourcecode.c.h; path = DJDetailView.h; sourceTree = "<group>"; };
		357B32262B2C301700633D12 /* DJDetailView.m */ = {isa = PBXFileReference; lastKnownFileType = sourcecode.c.objc; path = DJDetailView.m; sourceTree = "<group>"; };
		358593642B2D01BB00D337FF /* DJCommentView.h */ = {isa = PBXFileReference; lastKnownFileType = sourcecode.c.h; path = DJCommentView.h; sourceTree = "<group>"; };
		358593652B2D01BB00D337FF /* DJCommentView.m */ = {isa = PBXFileReference; lastKnownFileType = sourcecode.c.objc; path = DJCommentView.m; sourceTree = "<group>"; };
		358593672B2D02A700D337FF /* DJCommentViewCell.h */ = {isa = PBXFileReference; lastKnownFileType = sourcecode.c.h; path = DJCommentViewCell.h; sourceTree = "<group>"; };
		358593682B2D02A700D337FF /* DJCommentViewCell.m */ = {isa = PBXFileReference; lastKnownFileType = sourcecode.c.objc; path = DJCommentViewCell.m; sourceTree = "<group>"; };
		35D669C32B28886F00AB2A0D /* DJCollectionViewCell.h */ = {isa = PBXFileReference; lastKnownFileType = sourcecode.c.h; path = DJCollectionViewCell.h; sourceTree = "<group>"; };
		35D669C42B28886F00AB2A0D /* DJCollectionViewCell.m */ = {isa = PBXFileReference; lastKnownFileType = sourcecode.c.objc; path = DJCollectionViewCell.m; sourceTree = "<group>"; };
		35EC82312B2B2A4C00D93960 /* DJDetailViewController.h */ = {isa = PBXFileReference; lastKnownFileType = sourcecode.c.h; path = DJDetailViewController.h; sourceTree = "<group>"; };
		35EC82322B2B2A4C00D93960 /* DJDetailViewController.m */ = {isa = PBXFileReference; lastKnownFileType = sourcecode.c.objc; path = DJDetailViewController.m; sourceTree = "<group>"; };
		35EFFF432B2ACD3200BC6A75 /* DJWebImageCacheManager.h */ = {isa = PBXFileReference; lastKnownFileType = sourcecode.c.h; path = DJWebImageCacheManager.h; sourceTree = "<group>"; };
		35EFFF442B2ACD3200BC6A75 /* DJWebImageCacheManager.m */ = {isa = PBXFileReference; lastKnownFileType = sourcecode.c.objc; path = DJWebImageCacheManager.m; sourceTree = "<group>"; };
		5E71CEE2E161CCC6E896B486 /* libPods-TopBuzz_demo.a */ = {isa = PBXFileReference; explicitFileType = archive.ar; includeInIndex = 0; path = "libPods-TopBuzz_demo.a"; sourceTree = BUILT_PRODUCTS_DIR; };
		CB8BDA26D7A41D4B199FB7B7 /* Pods-TopBuzz_demo.release.xcconfig */ = {isa = PBXFileReference; includeInIndex = 1; lastKnownFileType = text.xcconfig; name = "Pods-TopBuzz_demo.release.xcconfig"; path = "Target Support Files/Pods-TopBuzz_demo/Pods-TopBuzz_demo.release.xcconfig"; sourceTree = "<group>"; };
		EE352BDF5D9E51E81AD39AB6 /* Pods-TopBuzz_demo.debug.xcconfig */ = {isa = PBXFileReference; includeInIndex = 1; lastKnownFileType = text.xcconfig; name = "Pods-TopBuzz_demo.debug.xcconfig"; path = "Target Support Files/Pods-TopBuzz_demo/Pods-TopBuzz_demo.debug.xcconfig"; sourceTree = "<group>"; };
/* End PBXFileReference section */

/* Begin PBXFrameworksBuildPhase section */
		350F21502B2839F100299CFC /* Frameworks */ = {
			isa = PBXFrameworksBuildPhase;
			buildActionMask = 2147483647;
			files = (
				347FEE31B6C6B6E2F80B6531 /* libPods-TopBuzz_demo.a in Frameworks */,
			);
			runOnlyForDeploymentPostprocessing = 0;
		};
		350F216B2B2839F300299CFC /* Frameworks */ = {
			isa = PBXFrameworksBuildPhase;
			buildActionMask = 2147483647;
			files = (
			);
			runOnlyForDeploymentPostprocessing = 0;
		};
		350F21752B2839F300299CFC /* Frameworks */ = {
			isa = PBXFrameworksBuildPhase;
			buildActionMask = 2147483647;
			files = (
			);
			runOnlyForDeploymentPostprocessing = 0;
		};
/* End PBXFrameworksBuildPhase section */

/* Begin PBXGroup section */
		350F214A2B2839F000299CFC = {
			isa = PBXGroup;
			children = (
				350F21552B2839F100299CFC /* TopBuzz_demo */,
				350F21712B2839F300299CFC /* TopBuzz_demoTests */,
				350F217B2B2839F300299CFC /* TopBuzz_demoUITests */,
				350F21542B2839F100299CFC /* Products */,
				63C393E853B99BF75FCEF36A /* Pods */,
				36A74BA2E2C0ACD3E8370953 /* Frameworks */,
			);
			sourceTree = "<group>";
		};
		350F21542B2839F100299CFC /* Products */ = {
			isa = PBXGroup;
			children = (
				350F21532B2839F100299CFC /* TopBuzz_demo.app */,
				350F216E2B2839F300299CFC /* TopBuzz_demoTests.xctest */,
				350F21782B2839F300299CFC /* TopBuzz_demoUITests.xctest */,
			);
			name = Products;
			sourceTree = "<group>";
		};
		350F21552B2839F100299CFC /* TopBuzz_demo */ = {
			isa = PBXGroup;
			children = (
				3574D27A2B2848410052BC57 /* Content */,
				353938332B2841D2003CB121 /* Tool */,
				3539382C2B2840AF003CB121 /* Base */,
				350F215F2B2839F100299CFC /* Main.storyboard */,
				350F21622B2839F300299CFC /* Assets.xcassets */,
				350F21642B2839F300299CFC /* LaunchScreen.storyboard */,
				350F21672B2839F300299CFC /* Info.plist */,
				350F21682B2839F300299CFC /* main.m */,
			);
			path = TopBuzz_demo;
			sourceTree = "<group>";
		};
		350F21712B2839F300299CFC /* TopBuzz_demoTests */ = {
			isa = PBXGroup;
			children = (
				350F21722B2839F300299CFC /* TopBuzz_demoTests.m */,
			);
			path = TopBuzz_demoTests;
			sourceTree = "<group>";
		};
		350F217B2B2839F300299CFC /* TopBuzz_demoUITests */ = {
			isa = PBXGroup;
			children = (
				350F217C2B2839F300299CFC /* TopBuzz_demoUITests.m */,
				350F217E2B2839F300299CFC /* TopBuzz_demoUITestsLaunchTests.m */,
			);
			path = TopBuzz_demoUITests;
			sourceTree = "<group>";
		};
		3539382C2B2840AF003CB121 /* Base */ = {
			isa = PBXGroup;
			children = (
				350F21562B2839F100299CFC /* AppDelegate.h */,
				350F21572B2839F100299CFC /* AppDelegate.m */,
				350F21592B2839F100299CFC /* SceneDelegate.h */,
				350F215A2B2839F100299CFC /* SceneDelegate.m */,
				353938292B283FA1003CB121 /* DJTabBarController.h */,
				3539382A2B283FA1003CB121 /* DJTabBarController.m */,
				3539382D2B2840CD003CB121 /* DJTabBarButton.h */,
				3539382E2B2840CD003CB121 /* DJTabBarButton.m */,
				353938302B2841A1003CB121 /* DJTabBar.h */,
				353938312B2841A1003CB121 /* DJTabBar.m */,
			);
			path = Base;
			sourceTree = "<group>";
		};
		353938332B2841D2003CB121 /* Tool */ = {
			isa = PBXGroup;
			children = (
				35CEF4322B2A326800B1CFFB /* DJWebImage */,
				35EC822F2B2B2A1500D93960 /* UITool */,
			);
			path = Tool;
			sourceTree = "<group>";
		};
		3574D27A2B2848410052BC57 /* Content */ = {
			isa = PBXGroup;
			children = (
				3574D27C2B2848D90052BC57 /* Home */,
				35EC82302B2B2A2C00D93960 /* DetailPage */,
			);
			path = Content;
			sourceTree = "<group>";
		};
		3574D27B2B2848C70052BC57 /* Controller */ = {
			isa = PBXGroup;
			children = (
				353938262B283CD7003CB121 /* HomeViewController.h */,
				353938272B283CD7003CB121 /* HomeViewController.m */,
			);
			path = Controller;
			sourceTree = "<group>";
		};
		3574D27C2B2848D90052BC57 /* Home */ = {
			isa = PBXGroup;
			children = (
				3574D27F2B2848F20052BC57 /* Model */,
				3574D27E2B2848E80052BC57 /* ViewModel */,
				3574D27D2B2848E20052BC57 /* View */,
				3574D27B2B2848C70052BC57 /* Controller */,
			);
			path = Home;
			sourceTree = "<group>";
		};
		3574D27D2B2848E20052BC57 /* View */ = {
			isa = PBXGroup;
			children = (
				3574D2862B284A000052BC57 /* DJHomeView.h */,
				3574D2872B284A000052BC57 /* DJHomeView.m */,
				3574D2892B284A170052BC57 /* DJHomeNavigationBar.h */,
				3574D28A2B284A170052BC57 /* DJHomeNavigationBar.m */,
				35D669C22B28884200AB2A0D /* CollectionView */,
			);
			path = View;
			sourceTree = "<group>";
		};
		3574D27E2B2848E80052BC57 /* ViewModel */ = {
			isa = PBXGroup;
			children = (
				3566C87D2B2892E90023BA7A /* DJHomeViewModel.h */,
				3566C87E2B2892E90023BA7A /* DJHomeViewModel.m */,
			);
			path = ViewModel;
			sourceTree = "<group>";
		};
		3574D27F2B2848F20052BC57 /* Model */ = {
			isa = PBXGroup;
			children = (
				3566C87A2B2892CF0023BA7A /* DJHomeModel.h */,
				3566C87B2B2892CF0023BA7A /* DJHomeModel.m */,
			);
			path = Model;
			sourceTree = "<group>";
		};
		357B32202B2C1F3B00633D12 /* Controller */ = {
			isa = PBXGroup;
			children = (
				35EC82312B2B2A4C00D93960 /* DJDetailViewController.h */,
				35EC82322B2B2A4C00D93960 /* DJDetailViewController.m */,
			);
			path = Controller;
			sourceTree = "<group>";
		};
		357B32212B2C1F4900633D12 /* View */ = {
			isa = PBXGroup;
			children = (
				358593632B2D01A200D337FF /* CommentView */,
				357B32252B2C301700633D12 /* DJDetailView.h */,
				357B32262B2C301700633D12 /* DJDetailView.m */,
				357B32222B2C1F6D00633D12 /* DJDetailNavigationBar.h */,
				357B32232B2C1F6D00633D12 /* DJDetailNavigationBar.m */,
			);
			path = View;
			sourceTree = "<group>";
		};
		358593632B2D01A200D337FF /* CommentView */ = {
			isa = PBXGroup;
			children = (
				358593642B2D01BB00D337FF /* DJCommentView.h */,
				358593652B2D01BB00D337FF /* DJCommentView.m */,
				358593672B2D02A700D337FF /* DJCommentViewCell.h */,
				358593682B2D02A700D337FF /* DJCommentViewCell.m */,
			);
			path = CommentView;
			sourceTree = "<group>";
		};
		35CEF4322B2A326800B1CFFB /* DJWebImage */ = {
			isa = PBXGroup;
			children = (
				350E04F22B2AC29800146109 /* DJWebImage.h */,
				350E04F32B2AC29800146109 /* DJWebImage.m */,
				35EFFF432B2ACD3200BC6A75 /* DJWebImageCacheManager.h */,
				35EFFF442B2ACD3200BC6A75 /* DJWebImageCacheManager.m */,
				351FE2F72B2CCE9E00E5ED9D /* DJCacheLRUManager.h */,
				351FE2F82B2CCE9E00E5ED9D /* DJCacheLRUManager.m */,
			);
			path = DJWebImage;
			sourceTree = "<group>";
		};
		35D669C22B28884200AB2A0D /* CollectionView */ = {
			isa = PBXGroup;
			children = (
				3574D29A2B2850A40052BC57 /* DJCollectionView.h */,
				3574D29B2B2850A40052BC57 /* DJCollectionView.m */,
				3574D29D2B2881F10052BC57 /* DJCollectionLayout.h */,
				3574D29E2B2881F10052BC57 /* DJCollectionLayout.m */,
				35D669C32B28886F00AB2A0D /* DJCollectionViewCell.h */,
				35D669C42B28886F00AB2A0D /* DJCollectionViewCell.m */,
			);
			path = CollectionView;
			sourceTree = "<group>";
		};
		35EC822F2B2B2A1500D93960 /* UITool */ = {
			isa = PBXGroup;
			children = (
				3539383A2B28426F003CB121 /* DJDevice.h */,
				3539383B2B28426F003CB121 /* DJDevice.m */,
				3574D28F2B284DB00052BC57 /* DJScreen.h */,
				3574D2942B284FA70052BC57 /* DJColor.h */,
				3574D2952B284FA70052BC57 /* DJColor.m */,
			);
			path = UITool;
			sourceTree = "<group>";
		};
		35EC82302B2B2A2C00D93960 /* DetailPage */ = {
			isa = PBXGroup;
			children = (
				357B32212B2C1F4900633D12 /* View */,
				357B32202B2C1F3B00633D12 /* Controller */,
			);
			path = DetailPage;
			sourceTree = "<group>";
		};
		36A74BA2E2C0ACD3E8370953 /* Frameworks */ = {
			isa = PBXGroup;
			children = (
				5E71CEE2E161CCC6E896B486 /* libPods-TopBuzz_demo.a */,
			);
			name = Frameworks;
			sourceTree = "<group>";
		};
		63C393E853B99BF75FCEF36A /* Pods */ = {
			isa = PBXGroup;
			children = (
				EE352BDF5D9E51E81AD39AB6 /* Pods-TopBuzz_demo.debug.xcconfig */,
				CB8BDA26D7A41D4B199FB7B7 /* Pods-TopBuzz_demo.release.xcconfig */,
			);
			path = Pods;
			sourceTree = "<group>";
		};
/* End PBXGroup section */

/* Begin PBXNativeTarget section */
		350F21522B2839F100299CFC /* TopBuzz_demo */ = {
			isa = PBXNativeTarget;
			buildConfigurationList = 350F21822B2839F300299CFC /* Build configuration list for PBXNativeTarget "TopBuzz_demo" */;
			buildPhases = (
				A75C55B93842FD61D883456D /* [CP] Check Pods Manifest.lock */,
				350F214F2B2839F100299CFC /* Sources */,
				350F21502B2839F100299CFC /* Frameworks */,
				350F21512B2839F100299CFC /* Resources */,
				60CF0EC4FCFAE34356568D53 /* [CP] Copy Pods Resources */,
			);
			buildRules = (
			);
			dependencies = (
			);
			name = TopBuzz_demo;
			productName = TopBuzz_demo;
			productReference = 350F21532B2839F100299CFC /* TopBuzz_demo.app */;
			productType = "com.apple.product-type.application";
		};
		350F216D2B2839F300299CFC /* TopBuzz_demoTests */ = {
			isa = PBXNativeTarget;
			buildConfigurationList = 350F21852B2839F300299CFC /* Build configuration list for PBXNativeTarget "TopBuzz_demoTests" */;
			buildPhases = (
				350F216A2B2839F300299CFC /* Sources */,
				350F216B2B2839F300299CFC /* Frameworks */,
				350F216C2B2839F300299CFC /* Resources */,
			);
			buildRules = (
			);
			dependencies = (
				350F21702B2839F300299CFC /* PBXTargetDependency */,
			);
			name = TopBuzz_demoTests;
			productName = TopBuzz_demoTests;
			productReference = 350F216E2B2839F300299CFC /* TopBuzz_demoTests.xctest */;
			productType = "com.apple.product-type.bundle.unit-test";
		};
		350F21772B2839F300299CFC /* TopBuzz_demoUITests */ = {
			isa = PBXNativeTarget;
			buildConfigurationList = 350F21882B2839F300299CFC /* Build configuration list for PBXNativeTarget "TopBuzz_demoUITests" */;
			buildPhases = (
				350F21742B2839F300299CFC /* Sources */,
				350F21752B2839F300299CFC /* Frameworks */,
				350F21762B2839F300299CFC /* Resources */,
			);
			buildRules = (
			);
			dependencies = (
				350F217A2B2839F300299CFC /* PBXTargetDependency */,
			);
			name = TopBuzz_demoUITests;
			productName = TopBuzz_demoUITests;
			productReference = 350F21782B2839F300299CFC /* TopBuzz_demoUITests.xctest */;
			productType = "com.apple.product-type.bundle.ui-testing";
		};
/* End PBXNativeTarget section */

/* Begin PBXProject section */
		350F214B2B2839F000299CFC /* Project object */ = {
			isa = PBXProject;
			attributes = {
				BuildIndependentTargetsInParallel = 1;
				LastUpgradeCheck = 1500;
				TargetAttributes = {
					350F21522B2839F100299CFC = {
						CreatedOnToolsVersion = 15.0.1;
					};
					350F216D2B2839F300299CFC = {
						CreatedOnToolsVersion = 15.0.1;
						TestTargetID = 350F21522B2839F100299CFC;
					};
					350F21772B2839F300299CFC = {
						CreatedOnToolsVersion = 15.0.1;
						TestTargetID = 350F21522B2839F100299CFC;
					};
				};
			};
			buildConfigurationList = 350F214E2B2839F000299CFC /* Build configuration list for PBXProject "TopBuzz_demo" */;
			compatibilityVersion = "Xcode 14.0";
			developmentRegion = en;
			hasScannedForEncodings = 0;
			knownRegions = (
				en,
				Base,
			);
			mainGroup = 350F214A2B2839F000299CFC;
			productRefGroup = 350F21542B2839F100299CFC /* Products */;
			projectDirPath = "";
			projectRoot = "";
			targets = (
				350F21522B2839F100299CFC /* TopBuzz_demo */,
				350F216D2B2839F300299CFC /* TopBuzz_demoTests */,
				350F21772B2839F300299CFC /* TopBuzz_demoUITests */,
			);
		};
/* End PBXProject section */

/* Begin PBXResourcesBuildPhase section */
		350F21512B2839F100299CFC /* Resources */ = {
			isa = PBXResourcesBuildPhase;
			buildActionMask = 2147483647;
			files = (
				350F21662B2839F300299CFC /* LaunchScreen.storyboard in Resources */,
				350F21632B2839F300299CFC /* Assets.xcassets in Resources */,
				350F21612B2839F100299CFC /* Main.storyboard in Resources */,
			);
			runOnlyForDeploymentPostprocessing = 0;
		};
		350F216C2B2839F300299CFC /* Resources */ = {
			isa = PBXResourcesBuildPhase;
			buildActionMask = 2147483647;
			files = (
			);
			runOnlyForDeploymentPostprocessing = 0;
		};
		350F21762B2839F300299CFC /* Resources */ = {
			isa = PBXResourcesBuildPhase;
			buildActionMask = 2147483647;
			files = (
			);
			runOnlyForDeploymentPostprocessing = 0;
		};
/* End PBXResourcesBuildPhase section */

/* Begin PBXShellScriptBuildPhase section */
		60CF0EC4FCFAE34356568D53 /* [CP] Copy Pods Resources */ = {
			isa = PBXShellScriptBuildPhase;
			buildActionMask = 2147483647;
			files = (
			);
			inputFileListPaths = (
				"${PODS_ROOT}/Target Support Files/Pods-TopBuzz_demo/Pods-TopBuzz_demo-resources-${CONFIGURATION}-input-files.xcfilelist",
			);
			name = "[CP] Copy Pods Resources";
			outputFileListPaths = (
				"${PODS_ROOT}/Target Support Files/Pods-TopBuzz_demo/Pods-TopBuzz_demo-resources-${CONFIGURATION}-output-files.xcfilelist",
			);
			runOnlyForDeploymentPostprocessing = 0;
			shellPath = /bin/sh;
			shellScript = "\"${PODS_ROOT}/Target Support Files/Pods-TopBuzz_demo/Pods-TopBuzz_demo-resources.sh\"\n";
			showEnvVarsInLog = 0;
		};
		A75C55B93842FD61D883456D /* [CP] Check Pods Manifest.lock */ = {
			isa = PBXShellScriptBuildPhase;
			buildActionMask = 2147483647;
			files = (
			);
			inputFileListPaths = (
			);
			inputPaths = (
				"${PODS_PODFILE_DIR_PATH}/Podfile.lock",
				"${PODS_ROOT}/Manifest.lock",
			);
			name = "[CP] Check Pods Manifest.lock";
			outputFileListPaths = (
			);
			outputPaths = (
				"$(DERIVED_FILE_DIR)/Pods-TopBuzz_demo-checkManifestLockResult.txt",
			);
			runOnlyForDeploymentPostprocessing = 0;
			shellPath = /bin/sh;
			shellScript = "diff \"${PODS_PODFILE_DIR_PATH}/Podfile.lock\" \"${PODS_ROOT}/Manifest.lock\" > /dev/null\nif [ $? != 0 ] ; then\n    # print error to STDERR\n    echo \"error: The sandbox is not in sync with the Podfile.lock. Run 'pod install' or update your CocoaPods installation.\" >&2\n    exit 1\nfi\n# This output is used by Xcode 'outputs' to avoid re-running this script phase.\necho \"SUCCESS\" > \"${SCRIPT_OUTPUT_FILE_0}\"\n";
			showEnvVarsInLog = 0;
		};
/* End PBXShellScriptBuildPhase section */

/* Begin PBXSourcesBuildPhase section */
		350F214F2B2839F100299CFC /* Sources */ = {
			isa = PBXSourcesBuildPhase;
			buildActionMask = 2147483647;
			files = (
				3574D2882B284A000052BC57 /* DJHomeView.m in Sources */,
				353938322B2841A1003CB121 /* DJTabBar.m in Sources */,
				358593692B2D02A700D337FF /* DJCommentViewCell.m in Sources */,
				3566C87C2B2892CF0023BA7A /* DJHomeModel.m in Sources */,
				35EC82332B2B2A4C00D93960 /* DJDetailViewController.m in Sources */,
				351FE2F92B2CCE9E00E5ED9D /* DJCacheLRUManager.m in Sources */,
				3574D29F2B2881F10052BC57 /* DJCollectionLayout.m in Sources */,
				350E04F42B2AC29800146109 /* DJWebImage.m in Sources */,
				3574D28B2B284A170052BC57 /* DJHomeNavigationBar.m in Sources */,
				3539383C2B28426F003CB121 /* DJDevice.m in Sources */,
				3566C87F2B2892E90023BA7A /* DJHomeViewModel.m in Sources */,
				357B32272B2C301700633D12 /* DJDetailView.m in Sources */,
				350F21582B2839F100299CFC /* AppDelegate.m in Sources */,
				3539382F2B2840CD003CB121 /* DJTabBarButton.m in Sources */,
				350F21692B2839F300299CFC /* main.m in Sources */,
				35D669C52B28886F00AB2A0D /* DJCollectionViewCell.m in Sources */,
				35EFFF452B2ACD3200BC6A75 /* DJWebImageCacheManager.m in Sources */,
				3539382B2B283FA1003CB121 /* DJTabBarController.m in Sources */,
				353938282B283CD7003CB121 /* HomeViewController.m in Sources */,
				3574D2962B284FA70052BC57 /* DJColor.m in Sources */,
				3574D29C2B2850A40052BC57 /* DJCollectionView.m in Sources */,
				357B32242B2C1F6D00633D12 /* DJDetailNavigationBar.m in Sources */,
				358593662B2D01BB00D337FF /* DJCommentView.m in Sources */,
				350F215B2B2839F100299CFC /* SceneDelegate.m in Sources */,
			);
			runOnlyForDeploymentPostprocessing = 0;
		};
		350F216A2B2839F300299CFC /* Sources */ = {
			isa = PBXSourcesBuildPhase;
			buildActionMask = 2147483647;
			files = (
				350F21732B2839F300299CFC /* TopBuzz_demoTests.m in Sources */,
			);
			runOnlyForDeploymentPostprocessing = 0;
		};
		350F21742B2839F300299CFC /* Sources */ = {
			isa = PBXSourcesBuildPhase;
			buildActionMask = 2147483647;
			files = (
				350F217F2B2839F300299CFC /* TopBuzz_demoUITestsLaunchTests.m in Sources */,
				350F217D2B2839F300299CFC /* TopBuzz_demoUITests.m in Sources */,
			);
			runOnlyForDeploymentPostprocessing = 0;
		};
/* End PBXSourcesBuildPhase section */

/* Begin PBXTargetDependency section */
		350F21702B2839F300299CFC /* PBXTargetDependency */ = {
			isa = PBXTargetDependency;
			target = 350F21522B2839F100299CFC /* TopBuzz_demo */;
			targetProxy = 350F216F2B2839F300299CFC /* PBXContainerItemProxy */;
		};
		350F217A2B2839F300299CFC /* PBXTargetDependency */ = {
			isa = PBXTargetDependency;
			target = 350F21522B2839F100299CFC /* TopBuzz_demo */;
			targetProxy = 350F21792B2839F300299CFC /* PBXContainerItemProxy */;
		};
/* End PBXTargetDependency section */

/* Begin PBXVariantGroup section */
		350F215F2B2839F100299CFC /* Main.storyboard */ = {
			isa = PBXVariantGroup;
			children = (
				350F21602B2839F100299CFC /* Base */,
			);
			name = Main.storyboard;
			sourceTree = "<group>";
		};
		350F21642B2839F300299CFC /* LaunchScreen.storyboard */ = {
			isa = PBXVariantGroup;
			children = (
				350F21652B2839F300299CFC /* Base */,
			);
			name = LaunchScreen.storyboard;
			sourceTree = "<group>";
		};
/* End PBXVariantGroup section */

/* Begin XCBuildConfiguration section */
		350F21802B2839F300299CFC /* Debug */ = {
			isa = XCBuildConfiguration;
			buildSettings = {
				ALWAYS_SEARCH_USER_PATHS = NO;
				ASSETCATALOG_COMPILER_GENERATE_SWIFT_ASSET_SYMBOL_EXTENSIONS = YES;
				CLANG_ANALYZER_NONNULL = YES;
				CLANG_ANALYZER_NUMBER_OBJECT_CONVERSION = YES_AGGRESSIVE;
				CLANG_CXX_LANGUAGE_STANDARD = "gnu++20";
				CLANG_ENABLE_MODULES = YES;
				CLANG_ENABLE_OBJC_ARC = YES;
				CLANG_ENABLE_OBJC_WEAK = YES;
				CLANG_WARN_BLOCK_CAPTURE_AUTORELEASING = YES;
				CLANG_WARN_BOOL_CONVERSION = YES;
				CLANG_WARN_COMMA = YES;
				CLANG_WARN_CONSTANT_CONVERSION = YES;
				CLANG_WARN_DEPRECATED_OBJC_IMPLEMENTATIONS = YES;
				CLANG_WARN_DIRECT_OBJC_ISA_USAGE = YES_ERROR;
				CLANG_WARN_DOCUMENTATION_COMMENTS = YES;
				CLANG_WARN_EMPTY_BODY = YES;
				CLANG_WARN_ENUM_CONVERSION = YES;
				CLANG_WARN_INFINITE_RECURSION = YES;
				CLANG_WARN_INT_CONVERSION = YES;
				CLANG_WARN_NON_LITERAL_NULL_CONVERSION = YES;
				CLANG_WARN_OBJC_IMPLICIT_RETAIN_SELF = YES;
				CLANG_WARN_OBJC_LITERAL_CONVERSION = YES;
				CLANG_WARN_OBJC_ROOT_CLASS = YES_ERROR;
				CLANG_WARN_QUOTED_INCLUDE_IN_FRAMEWORK_HEADER = YES;
				CLANG_WARN_RANGE_LOOP_ANALYSIS = YES;
				CLANG_WARN_STRICT_PROTOTYPES = YES;
				CLANG_WARN_SUSPICIOUS_MOVE = YES;
				CLANG_WARN_UNGUARDED_AVAILABILITY = YES_AGGRESSIVE;
				CLANG_WARN_UNREACHABLE_CODE = YES;
				CLANG_WARN__DUPLICATE_METHOD_MATCH = YES;
				COPY_PHASE_STRIP = NO;
				DEBUG_INFORMATION_FORMAT = dwarf;
				ENABLE_STRICT_OBJC_MSGSEND = YES;
				ENABLE_TESTABILITY = YES;
				ENABLE_USER_SCRIPT_SANDBOXING = YES;
				GCC_C_LANGUAGE_STANDARD = gnu17;
				GCC_DYNAMIC_NO_PIC = NO;
				GCC_NO_COMMON_BLOCKS = YES;
				GCC_OPTIMIZATION_LEVEL = 0;
				GCC_PREPROCESSOR_DEFINITIONS = (
					"DEBUG=1",
					"$(inherited)",
				);
				GCC_WARN_64_TO_32_BIT_CONVERSION = YES;
				GCC_WARN_ABOUT_RETURN_TYPE = YES_ERROR;
				GCC_WARN_UNDECLARED_SELECTOR = YES;
				GCC_WARN_UNINITIALIZED_AUTOS = YES_AGGRESSIVE;
				GCC_WARN_UNUSED_FUNCTION = YES;
				GCC_WARN_UNUSED_VARIABLE = YES;
				IPHONEOS_DEPLOYMENT_TARGET = 17.0;
				LOCALIZATION_PREFERS_STRING_CATALOGS = YES;
				MTL_ENABLE_DEBUG_INFO = INCLUDE_SOURCE;
				MTL_FAST_MATH = YES;
				ONLY_ACTIVE_ARCH = YES;
				SDKROOT = iphoneos;
			};
			name = Debug;
		};
		350F21812B2839F300299CFC /* Release */ = {
			isa = XCBuildConfiguration;
			buildSettings = {
				ALWAYS_SEARCH_USER_PATHS = NO;
				ASSETCATALOG_COMPILER_GENERATE_SWIFT_ASSET_SYMBOL_EXTENSIONS = YES;
				CLANG_ANALYZER_NONNULL = YES;
				CLANG_ANALYZER_NUMBER_OBJECT_CONVERSION = YES_AGGRESSIVE;
				CLANG_CXX_LANGUAGE_STANDARD = "gnu++20";
				CLANG_ENABLE_MODULES = YES;
				CLANG_ENABLE_OBJC_ARC = YES;
				CLANG_ENABLE_OBJC_WEAK = YES;
				CLANG_WARN_BLOCK_CAPTURE_AUTORELEASING = YES;
				CLANG_WARN_BOOL_CONVERSION = YES;
				CLANG_WARN_COMMA = YES;
				CLANG_WARN_CONSTANT_CONVERSION = YES;
				CLANG_WARN_DEPRECATED_OBJC_IMPLEMENTATIONS = YES;
				CLANG_WARN_DIRECT_OBJC_ISA_USAGE = YES_ERROR;
				CLANG_WARN_DOCUMENTATION_COMMENTS = YES;
				CLANG_WARN_EMPTY_BODY = YES;
				CLANG_WARN_ENUM_CONVERSION = YES;
				CLANG_WARN_INFINITE_RECURSION = YES;
				CLANG_WARN_INT_CONVERSION = YES;
				CLANG_WARN_NON_LITERAL_NULL_CONVERSION = YES;
				CLANG_WARN_OBJC_IMPLICIT_RETAIN_SELF = YES;
				CLANG_WARN_OBJC_LITERAL_CONVERSION = YES;
				CLANG_WARN_OBJC_ROOT_CLASS = YES_ERROR;
				CLANG_WARN_QUOTED_INCLUDE_IN_FRAMEWORK_HEADER = YES;
				CLANG_WARN_RANGE_LOOP_ANALYSIS = YES;
				CLANG_WARN_STRICT_PROTOTYPES = YES;
				CLANG_WARN_SUSPICIOUS_MOVE = YES;
				CLANG_WARN_UNGUARDED_AVAILABILITY = YES_AGGRESSIVE;
				CLANG_WARN_UNREACHABLE_CODE = YES;
				CLANG_WARN__DUPLICATE_METHOD_MATCH = YES;
				COPY_PHASE_STRIP = NO;
				DEBUG_INFORMATION_FORMAT = "dwarf-with-dsym";
				ENABLE_NS_ASSERTIONS = NO;
				ENABLE_STRICT_OBJC_MSGSEND = YES;
				ENABLE_USER_SCRIPT_SANDBOXING = YES;
				GCC_C_LANGUAGE_STANDARD = gnu17;
				GCC_NO_COMMON_BLOCKS = YES;
				GCC_WARN_64_TO_32_BIT_CONVERSION = YES;
				GCC_WARN_ABOUT_RETURN_TYPE = YES_ERROR;
				GCC_WARN_UNDECLARED_SELECTOR = YES;
				GCC_WARN_UNINITIALIZED_AUTOS = YES_AGGRESSIVE;
				GCC_WARN_UNUSED_FUNCTION = YES;
				GCC_WARN_UNUSED_VARIABLE = YES;
				IPHONEOS_DEPLOYMENT_TARGET = 17.0;
				LOCALIZATION_PREFERS_STRING_CATALOGS = YES;
				MTL_ENABLE_DEBUG_INFO = NO;
				MTL_FAST_MATH = YES;
				SDKROOT = iphoneos;
				VALIDATE_PRODUCT = YES;
			};
			name = Release;
		};
		350F21832B2839F300299CFC /* Debug */ = {
			isa = XCBuildConfiguration;
			baseConfigurationReference = EE352BDF5D9E51E81AD39AB6 /* Pods-TopBuzz_demo.debug.xcconfig */;
			buildSettings = {
				ASSETCATALOG_COMPILER_APPICON_NAME = AppIcon;
				ASSETCATALOG_COMPILER_GLOBAL_ACCENT_COLOR_NAME = AccentColor;
				CODE_SIGN_STYLE = Automatic;
				CURRENT_PROJECT_VERSION = 1;
				DEVELOPMENT_TEAM = FUYWJ9UF9U;
				ENABLE_USER_SCRIPT_SANDBOXING = NO;
				GENERATE_INFOPLIST_FILE = YES;
				INFOPLIST_FILE = TopBuzz_demo/Info.plist;
				INFOPLIST_KEY_UIApplicationSupportsIndirectInputEvents = YES;
				INFOPLIST_KEY_UILaunchStoryboardName = LaunchScreen;
				INFOPLIST_KEY_UIMainStoryboardFile = Main;
				INFOPLIST_KEY_UISupportedInterfaceOrientations_iPad = "UIInterfaceOrientationPortrait UIInterfaceOrientationPortraitUpsideDown UIInterfaceOrientationLandscapeLeft UIInterfaceOrientationLandscapeRight";
				INFOPLIST_KEY_UISupportedInterfaceOrientations_iPhone = "UIInterfaceOrientationPortrait UIInterfaceOrientationLandscapeLeft UIInterfaceOrientationLandscapeRight";
				IPHONEOS_DEPLOYMENT_TARGET = 13.0;
				LD_RUNPATH_SEARCH_PATHS = (
					"$(inherited)",
					"@executable_path/Frameworks",
				);
				MARKETING_VERSION = 1.0;
				PRODUCT_BUNDLE_IDENTIFIER = "TV-TikTok.TopBuzz-demo";
				PRODUCT_NAME = "$(TARGET_NAME)";
				SWIFT_EMIT_LOC_STRINGS = YES;
				TARGETED_DEVICE_FAMILY = "1,2";
			};
			name = Debug;
		};
		350F21842B2839F300299CFC /* Release */ = {
			isa = XCBuildConfiguration;
			baseConfigurationReference = CB8BDA26D7A41D4B199FB7B7 /* Pods-TopBuzz_demo.release.xcconfig */;
			buildSettings = {
				ASSETCATALOG_COMPILER_APPICON_NAME = AppIcon;
				ASSETCATALOG_COMPILER_GLOBAL_ACCENT_COLOR_NAME = AccentColor;
				CODE_SIGN_STYLE = Automatic;
				CURRENT_PROJECT_VERSION = 1;
				DEVELOPMENT_TEAM = FUYWJ9UF9U;
				ENABLE_USER_SCRIPT_SANDBOXING = NO;
				GENERATE_INFOPLIST_FILE = YES;
				INFOPLIST_FILE = TopBuzz_demo/Info.plist;
				INFOPLIST_KEY_UIApplicationSupportsIndirectInputEvents = YES;
				INFOPLIST_KEY_UILaunchStoryboardName = LaunchScreen;
				INFOPLIST_KEY_UIMainStoryboardFile = Main;
				INFOPLIST_KEY_UISupportedInterfaceOrientations_iPad = "UIInterfaceOrientationPortrait UIInterfaceOrientationPortraitUpsideDown UIInterfaceOrientationLandscapeLeft UIInterfaceOrientationLandscapeRight";
				INFOPLIST_KEY_UISupportedInterfaceOrientations_iPhone = "UIInterfaceOrientationPortrait UIInterfaceOrientationLandscapeLeft UIInterfaceOrientationLandscapeRight";
				IPHONEOS_DEPLOYMENT_TARGET = 13.0;
				LD_RUNPATH_SEARCH_PATHS = (
					"$(inherited)",
					"@executable_path/Frameworks",
				);
				MARKETING_VERSION = 1.0;
				PRODUCT_BUNDLE_IDENTIFIER = "TV-TikTok.TopBuzz-demo";
				PRODUCT_NAME = "$(TARGET_NAME)";
				SWIFT_EMIT_LOC_STRINGS = YES;
				TARGETED_DEVICE_FAMILY = "1,2";
			};
			name = Release;
		};
		350F21862B2839F300299CFC /* Debug */ = {
			isa = XCBuildConfiguration;
			buildSettings = {
				BUNDLE_LOADER = "$(TEST_HOST)";
				CODE_SIGN_STYLE = Automatic;
				CURRENT_PROJECT_VERSION = 1;
				DEVELOPMENT_TEAM = FUYWJ9UF9U;
				GENERATE_INFOPLIST_FILE = YES;
				IPHONEOS_DEPLOYMENT_TARGET = 13.0;
				MARKETING_VERSION = 1.0;
				PRODUCT_BUNDLE_IDENTIFIER = "TV-TikTok.TopBuzz-demoTests";
				PRODUCT_NAME = "$(TARGET_NAME)";
				SWIFT_EMIT_LOC_STRINGS = NO;
				TARGETED_DEVICE_FAMILY = "1,2";
				TEST_HOST = "$(BUILT_PRODUCTS_DIR)/TopBuzz_demo.app/$(BUNDLE_EXECUTABLE_FOLDER_PATH)/TopBuzz_demo";
			};
			name = Debug;
		};
		350F21872B2839F300299CFC /* Release */ = {
			isa = XCBuildConfiguration;
			buildSettings = {
				BUNDLE_LOADER = "$(TEST_HOST)";
				CODE_SIGN_STYLE = Automatic;
				CURRENT_PROJECT_VERSION = 1;
				DEVELOPMENT_TEAM = FUYWJ9UF9U;
				GENERATE_INFOPLIST_FILE = YES;
				IPHONEOS_DEPLOYMENT_TARGET = 13.0;
				MARKETING_VERSION = 1.0;
				PRODUCT_BUNDLE_IDENTIFIER = "TV-TikTok.TopBuzz-demoTests";
				PRODUCT_NAME = "$(TARGET_NAME)";
				SWIFT_EMIT_LOC_STRINGS = NO;
				TARGETED_DEVICE_FAMILY = "1,2";
				TEST_HOST = "$(BUILT_PRODUCTS_DIR)/TopBuzz_demo.app/$(BUNDLE_EXECUTABLE_FOLDER_PATH)/TopBuzz_demo";
			};
			name = Release;
		};
		350F21892B2839F300299CFC /* Debug */ = {
			isa = XCBuildConfiguration;
			buildSettings = {
				CODE_SIGN_STYLE = Automatic;
				CURRENT_PROJECT_VERSION = 1;
				DEVELOPMENT_TEAM = FUYWJ9UF9U;
				GENERATE_INFOPLIST_FILE = YES;
				IPHONEOS_DEPLOYMENT_TARGET = 13.0;
				MARKETING_VERSION = 1.0;
				PRODUCT_BUNDLE_IDENTIFIER = "TV-TikTok.TopBuzz-demoUITests";
				PRODUCT_NAME = "$(TARGET_NAME)";
				SWIFT_EMIT_LOC_STRINGS = NO;
				TARGETED_DEVICE_FAMILY = "1,2";
				TEST_TARGET_NAME = TopBuzz_demo;
			};
			name = Debug;
		};
		350F218A2B2839F300299CFC /* Release */ = {
			isa = XCBuildConfiguration;
			buildSettings = {
				CODE_SIGN_STYLE = Automatic;
				CURRENT_PROJECT_VERSION = 1;
				DEVELOPMENT_TEAM = FUYWJ9UF9U;
				GENERATE_INFOPLIST_FILE = YES;
				IPHONEOS_DEPLOYMENT_TARGET = 13.0;
				MARKETING_VERSION = 1.0;
				PRODUCT_BUNDLE_IDENTIFIER = "TV-TikTok.TopBuzz-demoUITests";
				PRODUCT_NAME = "$(TARGET_NAME)";
				SWIFT_EMIT_LOC_STRINGS = NO;
				TARGETED_DEVICE_FAMILY = "1,2";
				TEST_TARGET_NAME = TopBuzz_demo;
			};
			name = Release;
		};
/* End XCBuildConfiguration section */

/* Begin XCConfigurationList section */
		350F214E2B2839F000299CFC /* Build configuration list for PBXProject "TopBuzz_demo" */ = {
			isa = XCConfigurationList;
			buildConfigurations = (
				350F21802B2839F300299CFC /* Debug */,
				350F21812B2839F300299CFC /* Release */,
			);
			defaultConfigurationIsVisible = 0;
			defaultConfigurationName = Release;
		};
		350F21822B2839F300299CFC /* Build configuration list for PBXNativeTarget "TopBuzz_demo" */ = {
			isa = XCConfigurationList;
			buildConfigurations = (
				350F21832B2839F300299CFC /* Debug */,
				350F21842B2839F300299CFC /* Release */,
			);
			defaultConfigurationIsVisible = 0;
			defaultConfigurationName = Release;
		};
		350F21852B2839F300299CFC /* Build configuration list for PBXNativeTarget "TopBuzz_demoTests" */ = {
			isa = XCConfigurationList;
			buildConfigurations = (
				350F21862B2839F300299CFC /* Debug */,
				350F21872B2839F300299CFC /* Release */,
			);
			defaultConfigurationIsVisible = 0;
			defaultConfigurationName = Release;
		};
		350F21882B2839F300299CFC /* Build configuration list for PBXNativeTarget "TopBuzz_demoUITests" */ = {
			isa = XCConfigurationList;
			buildConfigurations = (
				350F21892B2839F300299CFC /* Debug */,
				350F218A2B2839F300299CFC /* Release */,
			);
			defaultConfigurationIsVisible = 0;
			defaultConfigurationName = Release;
		};
/* End XCConfigurationList section */
	};
	rootObject = 350F214B2B2839F000299CFC /* Project object */;
}
